
Microsoft Visual Studio Solution File, Format Version 12.00
# Visual Studio 2013
VisualStudioVersion = 12.0.31101.0
MinimumVisualStudioVersion = 10.0.40219.1
Project("{2150E333-8FDC-42A3-9474-1A3956D46DE8}") = "Blog.Logic", "Blog.Logic", "{A29F66C0-7E32-4317-B7F4-488BEC3BCDBC}"
EndProject
Project("{FAE04EC0-301F-11D3-BF4B-00C04F79EFBC}") = "Blog.Logic.Core", "Blog.Logic\Blog.Logic.Core\Blog.Logic.Core.csproj", "{388F088C-90F5-46E7-B7D1-422E0F577513}"
EndProject
Project("{FAE04EC0-301F-11D3-BF4B-00C04F79EFBC}") = "Blog.Logic.Core.Tests", "Blog.Logic\Blog.Logic.Core.Tests\Blog.Logic.Core.Tests.csproj", "{36A4328A-BF39-4080-8D22-00971679532B}"
EndProject
Project("{FAE04EC0-301F-11D3-BF4B-00C04F79EFBC}") = "Blog.Logic.ObjectMapper", "Blog.Logic\Blog.Logic.ObjectMapper\Blog.Logic.ObjectMapper.csproj", "{B7B41254-99CC-439C-B40B-6C0CD4978ADF}"
EndProject
Project("{FAE04EC0-301F-11D3-BF4B-00C04F79EFBC}") = "Blog.Logic.ObjectMapper.Tests", "Blog.Logic\Blog.Logic.ObjectMapper.Tests\Blog.Logic.ObjectMapper.Tests.csproj", "{472DE269-D2BB-45E3-B428-1F6CF99BD843}"
EndProject
Project("{FAE04EC0-301F-11D3-BF4B-00C04F79EFBC}") = "Blog.Logic.Caching", "Blog.Logic\Blog.Logic.Caching\Blog.Logic.Caching.csproj", "{F5933282-3D10-4B62-8CA7-5BE3F4BA1DAD}"
EndProject
Project("{FAE04EC0-301F-11D3-BF4B-00C04F79EFBC}") = "Blog.Logic.Caching.Tests", "Blog.Logic\Blog.Logic.Caching.Tests\Blog.Logic.Caching.Tests.csproj", "{F3631739-EBF6-49F7-8B54-D43036FAC528}"
EndProject
Project("{2150E333-8FDC-42A3-9474-1A3956D46DE8}") = "Blog.DataAccess", "Blog.DataAccess", "{15E7A4F1-3700-4903-BB7D-CD65608956E0}"
EndProject
Project("{FAE04EC0-301F-11D3-BF4B-00C04F79EFBC}") = "Blog.DataAccess.Database", "Blog.DataAccess\Blog.DataAccess.Database\Blog.DataAccess.Database.csproj", "{9CAF7700-6FBA-41D0-9C55-EFDACFA2E073}"
EndProject
Project("{2150E333-8FDC-42A3-9474-1A3956D46DE8}") = "Blog.Common", "Blog.Common", "{C1F87FD1-058F-4DD1-B6AD-1D8D1DCE0BD4}"
EndProject
Project("{FAE04EC0-301F-11D3-BF4B-00C04F79EFBC}") = "Blog.Common.Utils", "Blog.Common\Blog.Common.Utils\Blog.Common.Utils.csproj", "{3446AC30-FE40-4630-858E-03F3D08356D3}"
EndProject
Project("{FAE04EC0-301F-11D3-BF4B-00C04F79EFBC}") = "Blog.Common.Contracts", "Blog.Common\Blog.Common.Contracts\Blog.Common.Contracts.csproj", "{C1CD2C2A-C6A0-4531-8513-938FC474FF1A}"
EndProject
Project("{FAE04EC0-301F-11D3-BF4B-00C04F79EFBC}") = "Blog.Common.Web", "Blog.Common\Blog.Common.Web\Blog.Common.Web.csproj", "{A591CF4A-F004-4D92-ADE8-8937FF290B63}"
EndProject
Project("{FAE04EC0-301F-11D3-BF4B-00C04F79EFBC}") = "Blog.Common.Web.Tests", "Blog.Common\Blog.Common.Web.Tests\Blog.Common.Web.Tests.csproj", "{D05D3164-6161-4773-A447-397373DD1A19}"
EndProject
Project("{FAE04EC0-301F-11D3-BF4B-00C04F79EFBC}") = "Blog.Common.Utils.Tests", "Blog.Common\Blog.Common.Utils.Tests\Blog.Common.Utils.Tests.csproj", "{0E172F08-095F-4BD6-BEA0-79A70DDB095C}"
EndProject
Project("{FAE04EC0-301F-11D3-BF4B-00C04F79EFBC}") = "Blog.Common.Contracts.Tests", "Blog.Common\Blog.Common.Contracts.Tests\Blog.Common.Contracts.Tests.csproj", "{CFC68387-43FD-4EAD-9F24-B99CC4941D4E}"
EndProject
Project("{FAE04EC0-301F-11D3-BF4B-00C04F79EFBC}") = "Blog.Common.Identity", "Blog.Common\Blog.Common.Identity\Blog.Common.Identity.csproj", "{B715A80F-F971-4AF5-B884-9C3BD2EA7BD8}"
EndProject
Project("{2150E333-8FDC-42A3-9474-1A3956D46DE8}") = "Blog.Services", "Blog.Services", "{1B741FFC-1D1F-4C08-846E-0F69FFBEF492}"
EndProject
Project("{FAE04EC0-301F-11D3-BF4B-00C04F79EFBC}") = "Blog.Services.Implementation", "Blog.Services\Blog.Services.Implementation\Blog.Services.Implementation.csproj", "{E8D4C1B0-F3BF-4497-9CE7-922E90B1CF5B}"
EndProject
Project("{FAE04EC0-301F-11D3-BF4B-00C04F79EFBC}") = "Blog.Services.Web", "Blog.Services\Blog.Services.Web\Blog.Services.Web.csproj", "{540C8649-4EA0-4188-B97D-B2F626824901}"
EndProject
Project("{FAE04EC0-301F-11D3-BF4B-00C04F79EFBC}") = "Blog.Services.Helpers", "Blog.Services\Blog.Services.Helpers\Blog.Services.Helpers.csproj", "{DCED2DA2-E615-41DA-BF80-3339D94473CE}"
EndProject
Project("{FAE04EC0-301F-11D3-BF4B-00C04F79EFBC}") = "Blog.Services.Implementation.Tests", "Blog.Services\Blog.Services.Implementation.Tests\Blog.Services.Implementation.Tests.csproj", "{34F5B0DE-5584-48BE-AAAE-0D041F6267F4}"
EndProject
Project("{FAE04EC0-301F-11D3-BF4B-00C04F79EFBC}") = "Blog.Services.LogCleaner", "Blog.Services\Blog.Services.LogCleaner\Blog.Services.LogCleaner.csproj", "{497A2BC7-E94A-44FA-925B-EFE69457C5B1}"
EndProject
Project("{2150E333-8FDC-42A3-9474-1A3956D46DE8}") = "Blog.Web", "Blog.Web", "{D2E814AD-9733-41B0-B392-DF8559627441}"
EndProject
Project("{2150E333-8FDC-42A3-9474-1A3956D46DE8}") = "Blog.Web.Api", "Blog.Web.Api", "{7E179C90-40E2-4C2B-BF8A-0AF95FB69631}"
EndProject
Project("{FAE04EC0-301F-11D3-BF4B-00C04F79EFBC}") = "Blog.Web.Api", "Blog.Web\Blog.Web.Api\Blog.Web.Api.csproj", "{E332015C-24B5-48FA-9ED4-12F5310FCE7C}"
EndProject
Project("{2150E333-8FDC-42A3-9474-1A3956D46DE8}") = "Blog.Web.Site", "Blog.Web.Site", "{EB64D71D-6ED3-4BC2-8A9D-E630CD84C804}"
EndProject
Project("{FAE04EC0-301F-11D3-BF4B-00C04F79EFBC}") = "Blog.Web.Site", "Blog.Web\Blog.Web.Site\Blog.Web.Site.csproj", "{E7D70C50-D915-476F-9B4B-147EF0E7F5C2}"
EndProject
Project("{2150E333-8FDC-42A3-9474-1A3956D46DE8}") = "Blog.Web.Sockets", "Blog.Web.Sockets", "{768FAEF5-0558-49E1-B2FA-A5C98C97FAC6}"
EndProject
Project("{9092AA53-FB77-4645-B42D-1CCCA6BD08BD}") = "Blog.Web.Sockets", "Blog.Web\Blog.Web.Sockets\Blog.Web.Sockets.njsproj", "{D06A9965-32DF-44CA-80A0-0B6E42A8A22B}"
EndProject
Project("{2150E333-8FDC-42A3-9474-1A3956D46DE8}") = ".nuget", ".nuget", "{D3C5C2E3-6DAE-4DBD-AB7A-55483B16ACF6}"
	ProjectSection(SolutionItems) = preProject
		.nuget\NuGet.Config = .nuget\NuGet.Config
		.nuget\NuGet.exe = .nuget\NuGet.exe
		.nuget\NuGet.targets = .nuget\NuGet.targets
	EndProjectSection
EndProject
Project("{2150E333-8FDC-42A3-9474-1A3956D46DE8}") = "Blog.SolutionItems", "Blog.SolutionItems", "{57EEC164-D018-4634-8394-37C848028310}"
	ProjectSection(SolutionItems) = preProject
		Blog.SolutionItems\applicationPoolsStartStop.bat = Blog.SolutionItems\applicationPoolsStartStop.bat
		Blog.SolutionItems\createDbUser.ps1 = Blog.SolutionItems\createDbUser.ps1
		Blog.SolutionItems\iisInstallationScript.ps1 = Blog.SolutionItems\iisInstallationScript.ps1
		Blog.SolutionItems\mapIdentityUsersToBlogUsers.sql = Blog.SolutionItems\mapIdentityUsersToBlogUsers.sql
		readme.txt = readme.txt
		Blog.SolutionItems\storedProcedure - mapIdentityUsersToBlogUsers.sql = Blog.SolutionItems\storedProcedure - mapIdentityUsersToBlogUsers.sql
		Blog.SolutionItems\WebEssentials-Settings.json = Blog.SolutionItems\WebEssentials-Settings.json
	EndProjectSection
EndProject
Project("{2150E333-8FDC-42A3-9474-1A3956D46DE8}") = "Blog.Admin", "Blog.Admin", "{F3FE5CEB-3D88-4F73-8240-51A924AC789C}"
EndProject
Project("{FAE04EC0-301F-11D3-BF4B-00C04F79EFBC}") = "Blog.Admin.Web", "Blog.Admin\Blog.Admin.Web\Blog.Admin.Web.csproj", "{DB89763E-B984-4D46-A08C-3469EA0653D8}"
EndProject
Project("{2150E333-8FDC-42A3-9474-1A3956D46DE8}") = "Blog.Tools", "Blog.Tools", "{D4E301FE-9C89-49F5-96DC-0838F70F0F8F}"
EndProject
Project("{FAE04EC0-301F-11D3-BF4B-00C04F79EFBC}") = "Blog.Tools.ApplicationSetup", "Blog.Tools\Blog.Tools.ApplicationSetup\Blog.Tools.ApplicationSetup.csproj", "{E4E60713-D7ED-49BC-A2F5-7488817B25DC}"
EndProject
Project("{2150E333-8FDC-42A3-9474-1A3956D46DE8}") = "Blog.Mobile", "Blog.Mobile", "{555642C1-841A-4854-84B5-47DCC8FEF522}"
EndProject
Project("{FAE04EC0-301F-11D3-BF4B-00C04F79EFBC}") = "Blog.Mobile", "Blog.Mobile\Blog.Mobile\Blog.Mobile.csproj", "{A9A93F56-ED7A-4F65-B50F-7D6148432F68}"
EndProject
Project("{FAE04EC0-301F-11D3-BF4B-00C04F79EFBC}") = "Blog.Mobile.iOS", "Blog.Mobile\Blog.Mobile.iOS\Blog.Mobile.iOS.csproj", "{388529FC-670B-4AFB-89C7-1E47543A3B5A}"
EndProject
Project("{FAE04EC0-301F-11D3-BF4B-00C04F79EFBC}") = "Blog.Mobile.Droid", "Blog.Mobile\Blog.Mobile.Droid\Blog.Mobile.Droid.csproj", "{35F4E3D7-61C1-44C3-93A7-536E1C64255A}"
EndProject
Project("{FAE04EC0-301F-11D3-BF4B-00C04F79EFBC}") = "Blog.Mobile.WinPhone", "Blog.Mobile\Blog.Mobile.WinPhone\Blog.Mobile.WinPhone.csproj", "{40665889-25A2-416A-8888-5400617BAF9C}"
EndProject
Global
	GlobalSection(SolutionConfigurationPlatforms) = preSolution
		Ad-Hoc|Any CPU = Ad-Hoc|Any CPU
		Ad-Hoc|ARM = Ad-Hoc|ARM
		Ad-Hoc|iPhone = Ad-Hoc|iPhone
		Ad-Hoc|iPhoneSimulator = Ad-Hoc|iPhoneSimulator
		Ad-Hoc|Mixed Platforms = Ad-Hoc|Mixed Platforms
		Ad-Hoc|x86 = Ad-Hoc|x86
		AppStore|Any CPU = AppStore|Any CPU
		AppStore|ARM = AppStore|ARM
		AppStore|iPhone = AppStore|iPhone
		AppStore|iPhoneSimulator = AppStore|iPhoneSimulator
		AppStore|Mixed Platforms = AppStore|Mixed Platforms
		AppStore|x86 = AppStore|x86
		Dev|Any CPU = Dev|Any CPU
		Dev|ARM = Dev|ARM
		Dev|iPhone = Dev|iPhone
		Dev|iPhoneSimulator = Dev|iPhoneSimulator
		Dev|Mixed Platforms = Dev|Mixed Platforms
		Dev|x86 = Dev|x86
		Release|Any CPU = Release|Any CPU
		Release|ARM = Release|ARM
		Release|iPhone = Release|iPhone
		Release|iPhoneSimulator = Release|iPhoneSimulator
		Release|Mixed Platforms = Release|Mixed Platforms
		Release|x86 = Release|x86
	EndGlobalSection
	GlobalSection(ProjectConfigurationPlatforms) = postSolution
		{388F088C-90F5-46E7-B7D1-422E0F577513}.Ad-Hoc|Any CPU.ActiveCfg = Dev|Any CPU
		{388F088C-90F5-46E7-B7D1-422E0F577513}.Ad-Hoc|Any CPU.Build.0 = Dev|Any CPU
		{388F088C-90F5-46E7-B7D1-422E0F577513}.Ad-Hoc|ARM.ActiveCfg = Dev|Any CPU
		{388F088C-90F5-46E7-B7D1-422E0F577513}.Ad-Hoc|iPhone.ActiveCfg = Dev|Any CPU
		{388F088C-90F5-46E7-B7D1-422E0F577513}.Ad-Hoc|iPhoneSimulator.ActiveCfg = Dev|Any CPU
		{388F088C-90F5-46E7-B7D1-422E0F577513}.Ad-Hoc|Mixed Platforms.ActiveCfg = Dev|Any CPU
		{388F088C-90F5-46E7-B7D1-422E0F577513}.Ad-Hoc|Mixed Platforms.Build.0 = Dev|Any CPU
		{388F088C-90F5-46E7-B7D1-422E0F577513}.Ad-Hoc|x86.ActiveCfg = Dev|Any CPU
		{388F088C-90F5-46E7-B7D1-422E0F577513}.AppStore|Any CPU.ActiveCfg = Dev|Any CPU
		{388F088C-90F5-46E7-B7D1-422E0F577513}.AppStore|Any CPU.Build.0 = Dev|Any CPU
		{388F088C-90F5-46E7-B7D1-422E0F577513}.AppStore|ARM.ActiveCfg = Dev|Any CPU
		{388F088C-90F5-46E7-B7D1-422E0F577513}.AppStore|iPhone.ActiveCfg = Dev|Any CPU
		{388F088C-90F5-46E7-B7D1-422E0F577513}.AppStore|iPhoneSimulator.ActiveCfg = Dev|Any CPU
		{388F088C-90F5-46E7-B7D1-422E0F577513}.AppStore|Mixed Platforms.ActiveCfg = Dev|Any CPU
		{388F088C-90F5-46E7-B7D1-422E0F577513}.AppStore|Mixed Platforms.Build.0 = Dev|Any CPU
		{388F088C-90F5-46E7-B7D1-422E0F577513}.AppStore|x86.ActiveCfg = Dev|Any CPU
		{388F088C-90F5-46E7-B7D1-422E0F577513}.Dev|Any CPU.ActiveCfg = Dev|Any CPU
		{388F088C-90F5-46E7-B7D1-422E0F577513}.Dev|Any CPU.Build.0 = Dev|Any CPU
		{388F088C-90F5-46E7-B7D1-422E0F577513}.Dev|ARM.ActiveCfg = Dev|Any CPU
		{388F088C-90F5-46E7-B7D1-422E0F577513}.Dev|iPhone.ActiveCfg = Dev|Any CPU
		{388F088C-90F5-46E7-B7D1-422E0F577513}.Dev|iPhoneSimulator.ActiveCfg = Dev|Any CPU
		{388F088C-90F5-46E7-B7D1-422E0F577513}.Dev|Mixed Platforms.ActiveCfg = Dev|Any CPU
		{388F088C-90F5-46E7-B7D1-422E0F577513}.Dev|Mixed Platforms.Build.0 = Dev|Any CPU
		{388F088C-90F5-46E7-B7D1-422E0F577513}.Dev|x86.ActiveCfg = Dev|Any CPU
		{388F088C-90F5-46E7-B7D1-422E0F577513}.Release|Any CPU.ActiveCfg = Release|Any CPU
		{388F088C-90F5-46E7-B7D1-422E0F577513}.Release|Any CPU.Build.0 = Release|Any CPU
		{388F088C-90F5-46E7-B7D1-422E0F577513}.Release|ARM.ActiveCfg = Release|Any CPU
		{388F088C-90F5-46E7-B7D1-422E0F577513}.Release|iPhone.ActiveCfg = Release|Any CPU
		{388F088C-90F5-46E7-B7D1-422E0F577513}.Release|iPhoneSimulator.ActiveCfg = Release|Any CPU
		{388F088C-90F5-46E7-B7D1-422E0F577513}.Release|Mixed Platforms.ActiveCfg = Release|Any CPU
		{388F088C-90F5-46E7-B7D1-422E0F577513}.Release|Mixed Platforms.Build.0 = Release|Any CPU
		{388F088C-90F5-46E7-B7D1-422E0F577513}.Release|x86.ActiveCfg = Release|Any CPU
		{36A4328A-BF39-4080-8D22-00971679532B}.Ad-Hoc|Any CPU.ActiveCfg = Dev|Any CPU
		{36A4328A-BF39-4080-8D22-00971679532B}.Ad-Hoc|Any CPU.Build.0 = Dev|Any CPU
		{36A4328A-BF39-4080-8D22-00971679532B}.Ad-Hoc|ARM.ActiveCfg = Dev|Any CPU
		{36A4328A-BF39-4080-8D22-00971679532B}.Ad-Hoc|iPhone.ActiveCfg = Dev|Any CPU
		{36A4328A-BF39-4080-8D22-00971679532B}.Ad-Hoc|iPhoneSimulator.ActiveCfg = Dev|Any CPU
		{36A4328A-BF39-4080-8D22-00971679532B}.Ad-Hoc|Mixed Platforms.ActiveCfg = Dev|Any CPU
		{36A4328A-BF39-4080-8D22-00971679532B}.Ad-Hoc|Mixed Platforms.Build.0 = Dev|Any CPU
		{36A4328A-BF39-4080-8D22-00971679532B}.Ad-Hoc|x86.ActiveCfg = Dev|Any CPU
		{36A4328A-BF39-4080-8D22-00971679532B}.AppStore|Any CPU.ActiveCfg = Dev|Any CPU
		{36A4328A-BF39-4080-8D22-00971679532B}.AppStore|Any CPU.Build.0 = Dev|Any CPU
		{36A4328A-BF39-4080-8D22-00971679532B}.AppStore|ARM.ActiveCfg = Dev|Any CPU
		{36A4328A-BF39-4080-8D22-00971679532B}.AppStore|iPhone.ActiveCfg = Dev|Any CPU
		{36A4328A-BF39-4080-8D22-00971679532B}.AppStore|iPhoneSimulator.ActiveCfg = Dev|Any CPU
		{36A4328A-BF39-4080-8D22-00971679532B}.AppStore|Mixed Platforms.ActiveCfg = Dev|Any CPU
		{36A4328A-BF39-4080-8D22-00971679532B}.AppStore|Mixed Platforms.Build.0 = Dev|Any CPU
		{36A4328A-BF39-4080-8D22-00971679532B}.AppStore|x86.ActiveCfg = Dev|Any CPU
		{36A4328A-BF39-4080-8D22-00971679532B}.Dev|Any CPU.ActiveCfg = Dev|Any CPU
		{36A4328A-BF39-4080-8D22-00971679532B}.Dev|Any CPU.Build.0 = Dev|Any CPU
		{36A4328A-BF39-4080-8D22-00971679532B}.Dev|ARM.ActiveCfg = Dev|Any CPU
		{36A4328A-BF39-4080-8D22-00971679532B}.Dev|iPhone.ActiveCfg = Dev|Any CPU
		{36A4328A-BF39-4080-8D22-00971679532B}.Dev|iPhoneSimulator.ActiveCfg = Dev|Any CPU
		{36A4328A-BF39-4080-8D22-00971679532B}.Dev|Mixed Platforms.ActiveCfg = Dev|Any CPU
		{36A4328A-BF39-4080-8D22-00971679532B}.Dev|Mixed Platforms.Build.0 = Dev|Any CPU
		{36A4328A-BF39-4080-8D22-00971679532B}.Dev|x86.ActiveCfg = Dev|Any CPU
		{36A4328A-BF39-4080-8D22-00971679532B}.Release|Any CPU.ActiveCfg = Release|Any CPU
		{36A4328A-BF39-4080-8D22-00971679532B}.Release|Any CPU.Build.0 = Release|Any CPU
		{36A4328A-BF39-4080-8D22-00971679532B}.Release|ARM.ActiveCfg = Release|Any CPU
		{36A4328A-BF39-4080-8D22-00971679532B}.Release|iPhone.ActiveCfg = Release|Any CPU
		{36A4328A-BF39-4080-8D22-00971679532B}.Release|iPhoneSimulator.ActiveCfg = Release|Any CPU
		{36A4328A-BF39-4080-8D22-00971679532B}.Release|Mixed Platforms.ActiveCfg = Release|Any CPU
		{36A4328A-BF39-4080-8D22-00971679532B}.Release|Mixed Platforms.Build.0 = Release|Any CPU
		{36A4328A-BF39-4080-8D22-00971679532B}.Release|x86.ActiveCfg = Release|Any CPU
		{B7B41254-99CC-439C-B40B-6C0CD4978ADF}.Ad-Hoc|Any CPU.ActiveCfg = Dev|Any CPU
		{B7B41254-99CC-439C-B40B-6C0CD4978ADF}.Ad-Hoc|Any CPU.Build.0 = Dev|Any CPU
		{B7B41254-99CC-439C-B40B-6C0CD4978ADF}.Ad-Hoc|ARM.ActiveCfg = Dev|Any CPU
		{B7B41254-99CC-439C-B40B-6C0CD4978ADF}.Ad-Hoc|iPhone.ActiveCfg = Dev|Any CPU
		{B7B41254-99CC-439C-B40B-6C0CD4978ADF}.Ad-Hoc|iPhoneSimulator.ActiveCfg = Dev|Any CPU
		{B7B41254-99CC-439C-B40B-6C0CD4978ADF}.Ad-Hoc|Mixed Platforms.ActiveCfg = Dev|Any CPU
		{B7B41254-99CC-439C-B40B-6C0CD4978ADF}.Ad-Hoc|Mixed Platforms.Build.0 = Dev|Any CPU
		{B7B41254-99CC-439C-B40B-6C0CD4978ADF}.Ad-Hoc|x86.ActiveCfg = Dev|Any CPU
		{B7B41254-99CC-439C-B40B-6C0CD4978ADF}.AppStore|Any CPU.ActiveCfg = Dev|Any CPU
		{B7B41254-99CC-439C-B40B-6C0CD4978ADF}.AppStore|Any CPU.Build.0 = Dev|Any CPU
		{B7B41254-99CC-439C-B40B-6C0CD4978ADF}.AppStore|ARM.ActiveCfg = Dev|Any CPU
		{B7B41254-99CC-439C-B40B-6C0CD4978ADF}.AppStore|iPhone.ActiveCfg = Dev|Any CPU
		{B7B41254-99CC-439C-B40B-6C0CD4978ADF}.AppStore|iPhoneSimulator.ActiveCfg = Dev|Any CPU
		{B7B41254-99CC-439C-B40B-6C0CD4978ADF}.AppStore|Mixed Platforms.ActiveCfg = Dev|Any CPU
		{B7B41254-99CC-439C-B40B-6C0CD4978ADF}.AppStore|Mixed Platforms.Build.0 = Dev|Any CPU
		{B7B41254-99CC-439C-B40B-6C0CD4978ADF}.AppStore|x86.ActiveCfg = Dev|Any CPU
		{B7B41254-99CC-439C-B40B-6C0CD4978ADF}.Dev|Any CPU.ActiveCfg = Dev|Any CPU
		{B7B41254-99CC-439C-B40B-6C0CD4978ADF}.Dev|Any CPU.Build.0 = Dev|Any CPU
		{B7B41254-99CC-439C-B40B-6C0CD4978ADF}.Dev|ARM.ActiveCfg = Dev|Any CPU
		{B7B41254-99CC-439C-B40B-6C0CD4978ADF}.Dev|iPhone.ActiveCfg = Dev|Any CPU
		{B7B41254-99CC-439C-B40B-6C0CD4978ADF}.Dev|iPhoneSimulator.ActiveCfg = Dev|Any CPU
		{B7B41254-99CC-439C-B40B-6C0CD4978ADF}.Dev|Mixed Platforms.ActiveCfg = Dev|Any CPU
		{B7B41254-99CC-439C-B40B-6C0CD4978ADF}.Dev|Mixed Platforms.Build.0 = Dev|Any CPU
		{B7B41254-99CC-439C-B40B-6C0CD4978ADF}.Dev|x86.ActiveCfg = Dev|Any CPU
		{B7B41254-99CC-439C-B40B-6C0CD4978ADF}.Release|Any CPU.ActiveCfg = Release|Any CPU
		{B7B41254-99CC-439C-B40B-6C0CD4978ADF}.Release|Any CPU.Build.0 = Release|Any CPU
		{B7B41254-99CC-439C-B40B-6C0CD4978ADF}.Release|ARM.ActiveCfg = Release|Any CPU
		{B7B41254-99CC-439C-B40B-6C0CD4978ADF}.Release|iPhone.ActiveCfg = Release|Any CPU
		{B7B41254-99CC-439C-B40B-6C0CD4978ADF}.Release|iPhoneSimulator.ActiveCfg = Release|Any CPU
		{B7B41254-99CC-439C-B40B-6C0CD4978ADF}.Release|Mixed Platforms.ActiveCfg = Release|Any CPU
		{B7B41254-99CC-439C-B40B-6C0CD4978ADF}.Release|Mixed Platforms.Build.0 = Release|Any CPU
		{B7B41254-99CC-439C-B40B-6C0CD4978ADF}.Release|x86.ActiveCfg = Release|Any CPU
		{472DE269-D2BB-45E3-B428-1F6CF99BD843}.Ad-Hoc|Any CPU.ActiveCfg = Dev|Any CPU
		{472DE269-D2BB-45E3-B428-1F6CF99BD843}.Ad-Hoc|Any CPU.Build.0 = Dev|Any CPU
		{472DE269-D2BB-45E3-B428-1F6CF99BD843}.Ad-Hoc|ARM.ActiveCfg = Dev|Any CPU
		{472DE269-D2BB-45E3-B428-1F6CF99BD843}.Ad-Hoc|iPhone.ActiveCfg = Dev|Any CPU
		{472DE269-D2BB-45E3-B428-1F6CF99BD843}.Ad-Hoc|iPhoneSimulator.ActiveCfg = Dev|Any CPU
		{472DE269-D2BB-45E3-B428-1F6CF99BD843}.Ad-Hoc|Mixed Platforms.ActiveCfg = Dev|Any CPU
		{472DE269-D2BB-45E3-B428-1F6CF99BD843}.Ad-Hoc|Mixed Platforms.Build.0 = Dev|Any CPU
		{472DE269-D2BB-45E3-B428-1F6CF99BD843}.Ad-Hoc|x86.ActiveCfg = Dev|Any CPU
		{472DE269-D2BB-45E3-B428-1F6CF99BD843}.AppStore|Any CPU.ActiveCfg = Dev|Any CPU
		{472DE269-D2BB-45E3-B428-1F6CF99BD843}.AppStore|Any CPU.Build.0 = Dev|Any CPU
		{472DE269-D2BB-45E3-B428-1F6CF99BD843}.AppStore|ARM.ActiveCfg = Dev|Any CPU
		{472DE269-D2BB-45E3-B428-1F6CF99BD843}.AppStore|iPhone.ActiveCfg = Dev|Any CPU
		{472DE269-D2BB-45E3-B428-1F6CF99BD843}.AppStore|iPhoneSimulator.ActiveCfg = Dev|Any CPU
		{472DE269-D2BB-45E3-B428-1F6CF99BD843}.AppStore|Mixed Platforms.ActiveCfg = Dev|Any CPU
		{472DE269-D2BB-45E3-B428-1F6CF99BD843}.AppStore|Mixed Platforms.Build.0 = Dev|Any CPU
		{472DE269-D2BB-45E3-B428-1F6CF99BD843}.AppStore|x86.ActiveCfg = Dev|Any CPU
		{472DE269-D2BB-45E3-B428-1F6CF99BD843}.Dev|Any CPU.ActiveCfg = Dev|Any CPU
		{472DE269-D2BB-45E3-B428-1F6CF99BD843}.Dev|Any CPU.Build.0 = Dev|Any CPU
		{472DE269-D2BB-45E3-B428-1F6CF99BD843}.Dev|ARM.ActiveCfg = Dev|Any CPU
		{472DE269-D2BB-45E3-B428-1F6CF99BD843}.Dev|iPhone.ActiveCfg = Dev|Any CPU
		{472DE269-D2BB-45E3-B428-1F6CF99BD843}.Dev|iPhoneSimulator.ActiveCfg = Dev|Any CPU
		{472DE269-D2BB-45E3-B428-1F6CF99BD843}.Dev|Mixed Platforms.ActiveCfg = Dev|Any CPU
		{472DE269-D2BB-45E3-B428-1F6CF99BD843}.Dev|Mixed Platforms.Build.0 = Dev|Any CPU
		{472DE269-D2BB-45E3-B428-1F6CF99BD843}.Dev|x86.ActiveCfg = Dev|Any CPU
		{472DE269-D2BB-45E3-B428-1F6CF99BD843}.Release|Any CPU.ActiveCfg = Release|Any CPU
		{472DE269-D2BB-45E3-B428-1F6CF99BD843}.Release|Any CPU.Build.0 = Release|Any CPU
		{472DE269-D2BB-45E3-B428-1F6CF99BD843}.Release|ARM.ActiveCfg = Release|Any CPU
		{472DE269-D2BB-45E3-B428-1F6CF99BD843}.Release|iPhone.ActiveCfg = Release|Any CPU
		{472DE269-D2BB-45E3-B428-1F6CF99BD843}.Release|iPhoneSimulator.ActiveCfg = Release|Any CPU
		{472DE269-D2BB-45E3-B428-1F6CF99BD843}.Release|Mixed Platforms.ActiveCfg = Release|Any CPU
		{472DE269-D2BB-45E3-B428-1F6CF99BD843}.Release|Mixed Platforms.Build.0 = Release|Any CPU
		{472DE269-D2BB-45E3-B428-1F6CF99BD843}.Release|x86.ActiveCfg = Release|Any CPU
		{F5933282-3D10-4B62-8CA7-5BE3F4BA1DAD}.Ad-Hoc|Any CPU.ActiveCfg = Dev|Any CPU
		{F5933282-3D10-4B62-8CA7-5BE3F4BA1DAD}.Ad-Hoc|Any CPU.Build.0 = Dev|Any CPU
		{F5933282-3D10-4B62-8CA7-5BE3F4BA1DAD}.Ad-Hoc|ARM.ActiveCfg = Dev|Any CPU
		{F5933282-3D10-4B62-8CA7-5BE3F4BA1DAD}.Ad-Hoc|iPhone.ActiveCfg = Dev|Any CPU
		{F5933282-3D10-4B62-8CA7-5BE3F4BA1DAD}.Ad-Hoc|iPhoneSimulator.ActiveCfg = Dev|Any CPU
		{F5933282-3D10-4B62-8CA7-5BE3F4BA1DAD}.Ad-Hoc|Mixed Platforms.ActiveCfg = Dev|Any CPU
		{F5933282-3D10-4B62-8CA7-5BE3F4BA1DAD}.Ad-Hoc|Mixed Platforms.Build.0 = Dev|Any CPU
		{F5933282-3D10-4B62-8CA7-5BE3F4BA1DAD}.Ad-Hoc|x86.ActiveCfg = Dev|Any CPU
		{F5933282-3D10-4B62-8CA7-5BE3F4BA1DAD}.AppStore|Any CPU.ActiveCfg = Dev|Any CPU
		{F5933282-3D10-4B62-8CA7-5BE3F4BA1DAD}.AppStore|Any CPU.Build.0 = Dev|Any CPU
		{F5933282-3D10-4B62-8CA7-5BE3F4BA1DAD}.AppStore|ARM.ActiveCfg = Dev|Any CPU
		{F5933282-3D10-4B62-8CA7-5BE3F4BA1DAD}.AppStore|iPhone.ActiveCfg = Dev|Any CPU
		{F5933282-3D10-4B62-8CA7-5BE3F4BA1DAD}.AppStore|iPhoneSimulator.ActiveCfg = Dev|Any CPU
		{F5933282-3D10-4B62-8CA7-5BE3F4BA1DAD}.AppStore|Mixed Platforms.ActiveCfg = Dev|Any CPU
		{F5933282-3D10-4B62-8CA7-5BE3F4BA1DAD}.AppStore|Mixed Platforms.Build.0 = Dev|Any CPU
		{F5933282-3D10-4B62-8CA7-5BE3F4BA1DAD}.AppStore|x86.ActiveCfg = Dev|Any CPU
		{F5933282-3D10-4B62-8CA7-5BE3F4BA1DAD}.Dev|Any CPU.ActiveCfg = Dev|Any CPU
		{F5933282-3D10-4B62-8CA7-5BE3F4BA1DAD}.Dev|Any CPU.Build.0 = Dev|Any CPU
		{F5933282-3D10-4B62-8CA7-5BE3F4BA1DAD}.Dev|ARM.ActiveCfg = Dev|Any CPU
		{F5933282-3D10-4B62-8CA7-5BE3F4BA1DAD}.Dev|iPhone.ActiveCfg = Dev|Any CPU
		{F5933282-3D10-4B62-8CA7-5BE3F4BA1DAD}.Dev|iPhoneSimulator.ActiveCfg = Dev|Any CPU
		{F5933282-3D10-4B62-8CA7-5BE3F4BA1DAD}.Dev|Mixed Platforms.ActiveCfg = Dev|Any CPU
		{F5933282-3D10-4B62-8CA7-5BE3F4BA1DAD}.Dev|Mixed Platforms.Build.0 = Dev|Any CPU
		{F5933282-3D10-4B62-8CA7-5BE3F4BA1DAD}.Dev|x86.ActiveCfg = Dev|Any CPU
		{F5933282-3D10-4B62-8CA7-5BE3F4BA1DAD}.Release|Any CPU.ActiveCfg = Release|Any CPU
		{F5933282-3D10-4B62-8CA7-5BE3F4BA1DAD}.Release|Any CPU.Build.0 = Release|Any CPU
		{F5933282-3D10-4B62-8CA7-5BE3F4BA1DAD}.Release|ARM.ActiveCfg = Release|Any CPU
		{F5933282-3D10-4B62-8CA7-5BE3F4BA1DAD}.Release|iPhone.ActiveCfg = Release|Any CPU
		{F5933282-3D10-4B62-8CA7-5BE3F4BA1DAD}.Release|iPhoneSimulator.ActiveCfg = Release|Any CPU
		{F5933282-3D10-4B62-8CA7-5BE3F4BA1DAD}.Release|Mixed Platforms.ActiveCfg = Release|Any CPU
		{F5933282-3D10-4B62-8CA7-5BE3F4BA1DAD}.Release|Mixed Platforms.Build.0 = Release|Any CPU
		{F5933282-3D10-4B62-8CA7-5BE3F4BA1DAD}.Release|x86.ActiveCfg = Release|Any CPU
		{F3631739-EBF6-49F7-8B54-D43036FAC528}.Ad-Hoc|Any CPU.ActiveCfg = Dev|Any CPU
		{F3631739-EBF6-49F7-8B54-D43036FAC528}.Ad-Hoc|Any CPU.Build.0 = Dev|Any CPU
		{F3631739-EBF6-49F7-8B54-D43036FAC528}.Ad-Hoc|ARM.ActiveCfg = Dev|Any CPU
		{F3631739-EBF6-49F7-8B54-D43036FAC528}.Ad-Hoc|iPhone.ActiveCfg = Dev|Any CPU
		{F3631739-EBF6-49F7-8B54-D43036FAC528}.Ad-Hoc|iPhoneSimulator.ActiveCfg = Dev|Any CPU
		{F3631739-EBF6-49F7-8B54-D43036FAC528}.Ad-Hoc|Mixed Platforms.ActiveCfg = Dev|Any CPU
		{F3631739-EBF6-49F7-8B54-D43036FAC528}.Ad-Hoc|Mixed Platforms.Build.0 = Dev|Any CPU
		{F3631739-EBF6-49F7-8B54-D43036FAC528}.Ad-Hoc|x86.ActiveCfg = Dev|Any CPU
		{F3631739-EBF6-49F7-8B54-D43036FAC528}.AppStore|Any CPU.ActiveCfg = Dev|Any CPU
		{F3631739-EBF6-49F7-8B54-D43036FAC528}.AppStore|Any CPU.Build.0 = Dev|Any CPU
		{F3631739-EBF6-49F7-8B54-D43036FAC528}.AppStore|ARM.ActiveCfg = Dev|Any CPU
		{F3631739-EBF6-49F7-8B54-D43036FAC528}.AppStore|iPhone.ActiveCfg = Dev|Any CPU
		{F3631739-EBF6-49F7-8B54-D43036FAC528}.AppStore|iPhoneSimulator.ActiveCfg = Dev|Any CPU
		{F3631739-EBF6-49F7-8B54-D43036FAC528}.AppStore|Mixed Platforms.ActiveCfg = Dev|Any CPU
		{F3631739-EBF6-49F7-8B54-D43036FAC528}.AppStore|Mixed Platforms.Build.0 = Dev|Any CPU
		{F3631739-EBF6-49F7-8B54-D43036FAC528}.AppStore|x86.ActiveCfg = Dev|Any CPU
		{F3631739-EBF6-49F7-8B54-D43036FAC528}.Dev|Any CPU.ActiveCfg = Dev|Any CPU
		{F3631739-EBF6-49F7-8B54-D43036FAC528}.Dev|Any CPU.Build.0 = Dev|Any CPU
		{F3631739-EBF6-49F7-8B54-D43036FAC528}.Dev|ARM.ActiveCfg = Dev|Any CPU
		{F3631739-EBF6-49F7-8B54-D43036FAC528}.Dev|iPhone.ActiveCfg = Dev|Any CPU
		{F3631739-EBF6-49F7-8B54-D43036FAC528}.Dev|iPhoneSimulator.ActiveCfg = Dev|Any CPU
		{F3631739-EBF6-49F7-8B54-D43036FAC528}.Dev|Mixed Platforms.ActiveCfg = Dev|Any CPU
		{F3631739-EBF6-49F7-8B54-D43036FAC528}.Dev|Mixed Platforms.Build.0 = Dev|Any CPU
		{F3631739-EBF6-49F7-8B54-D43036FAC528}.Dev|x86.ActiveCfg = Dev|Any CPU
		{F3631739-EBF6-49F7-8B54-D43036FAC528}.Release|Any CPU.ActiveCfg = Release|Any CPU
		{F3631739-EBF6-49F7-8B54-D43036FAC528}.Release|Any CPU.Build.0 = Release|Any CPU
		{F3631739-EBF6-49F7-8B54-D43036FAC528}.Release|ARM.ActiveCfg = Release|Any CPU
		{F3631739-EBF6-49F7-8B54-D43036FAC528}.Release|iPhone.ActiveCfg = Release|Any CPU
		{F3631739-EBF6-49F7-8B54-D43036FAC528}.Release|iPhoneSimulator.ActiveCfg = Release|Any CPU
		{F3631739-EBF6-49F7-8B54-D43036FAC528}.Release|Mixed Platforms.ActiveCfg = Release|Any CPU
		{F3631739-EBF6-49F7-8B54-D43036FAC528}.Release|Mixed Platforms.Build.0 = Release|Any CPU
		{F3631739-EBF6-49F7-8B54-D43036FAC528}.Release|x86.ActiveCfg = Release|Any CPU
		{9CAF7700-6FBA-41D0-9C55-EFDACFA2E073}.Ad-Hoc|Any CPU.ActiveCfg = Dev|Any CPU
		{9CAF7700-6FBA-41D0-9C55-EFDACFA2E073}.Ad-Hoc|Any CPU.Build.0 = Dev|Any CPU
		{9CAF7700-6FBA-41D0-9C55-EFDACFA2E073}.Ad-Hoc|ARM.ActiveCfg = Dev|Any CPU
		{9CAF7700-6FBA-41D0-9C55-EFDACFA2E073}.Ad-Hoc|iPhone.ActiveCfg = Dev|Any CPU
		{9CAF7700-6FBA-41D0-9C55-EFDACFA2E073}.Ad-Hoc|iPhoneSimulator.ActiveCfg = Dev|Any CPU
		{9CAF7700-6FBA-41D0-9C55-EFDACFA2E073}.Ad-Hoc|Mixed Platforms.ActiveCfg = Dev|Any CPU
		{9CAF7700-6FBA-41D0-9C55-EFDACFA2E073}.Ad-Hoc|Mixed Platforms.Build.0 = Dev|Any CPU
		{9CAF7700-6FBA-41D0-9C55-EFDACFA2E073}.Ad-Hoc|x86.ActiveCfg = Dev|Any CPU
		{9CAF7700-6FBA-41D0-9C55-EFDACFA2E073}.AppStore|Any CPU.ActiveCfg = Dev|Any CPU
		{9CAF7700-6FBA-41D0-9C55-EFDACFA2E073}.AppStore|Any CPU.Build.0 = Dev|Any CPU
		{9CAF7700-6FBA-41D0-9C55-EFDACFA2E073}.AppStore|ARM.ActiveCfg = Dev|Any CPU
		{9CAF7700-6FBA-41D0-9C55-EFDACFA2E073}.AppStore|iPhone.ActiveCfg = Dev|Any CPU
		{9CAF7700-6FBA-41D0-9C55-EFDACFA2E073}.AppStore|iPhoneSimulator.ActiveCfg = Dev|Any CPU
		{9CAF7700-6FBA-41D0-9C55-EFDACFA2E073}.AppStore|Mixed Platforms.ActiveCfg = Dev|Any CPU
		{9CAF7700-6FBA-41D0-9C55-EFDACFA2E073}.AppStore|Mixed Platforms.Build.0 = Dev|Any CPU
		{9CAF7700-6FBA-41D0-9C55-EFDACFA2E073}.AppStore|x86.ActiveCfg = Dev|Any CPU
		{9CAF7700-6FBA-41D0-9C55-EFDACFA2E073}.Dev|Any CPU.ActiveCfg = Dev|Any CPU
		{9CAF7700-6FBA-41D0-9C55-EFDACFA2E073}.Dev|Any CPU.Build.0 = Dev|Any CPU
		{9CAF7700-6FBA-41D0-9C55-EFDACFA2E073}.Dev|ARM.ActiveCfg = Dev|Any CPU
		{9CAF7700-6FBA-41D0-9C55-EFDACFA2E073}.Dev|iPhone.ActiveCfg = Dev|Any CPU
		{9CAF7700-6FBA-41D0-9C55-EFDACFA2E073}.Dev|iPhoneSimulator.ActiveCfg = Dev|Any CPU
		{9CAF7700-6FBA-41D0-9C55-EFDACFA2E073}.Dev|Mixed Platforms.ActiveCfg = Dev|Any CPU
		{9CAF7700-6FBA-41D0-9C55-EFDACFA2E073}.Dev|Mixed Platforms.Build.0 = Dev|Any CPU
		{9CAF7700-6FBA-41D0-9C55-EFDACFA2E073}.Dev|x86.ActiveCfg = Dev|Any CPU
		{9CAF7700-6FBA-41D0-9C55-EFDACFA2E073}.Release|Any CPU.ActiveCfg = Release|Any CPU
		{9CAF7700-6FBA-41D0-9C55-EFDACFA2E073}.Release|Any CPU.Build.0 = Release|Any CPU
		{9CAF7700-6FBA-41D0-9C55-EFDACFA2E073}.Release|ARM.ActiveCfg = Release|Any CPU
		{9CAF7700-6FBA-41D0-9C55-EFDACFA2E073}.Release|iPhone.ActiveCfg = Release|Any CPU
		{9CAF7700-6FBA-41D0-9C55-EFDACFA2E073}.Release|iPhoneSimulator.ActiveCfg = Release|Any CPU
		{9CAF7700-6FBA-41D0-9C55-EFDACFA2E073}.Release|Mixed Platforms.ActiveCfg = Release|Any CPU
		{9CAF7700-6FBA-41D0-9C55-EFDACFA2E073}.Release|Mixed Platforms.Build.0 = Release|Any CPU
		{9CAF7700-6FBA-41D0-9C55-EFDACFA2E073}.Release|x86.ActiveCfg = Release|Any CPU
		{3446AC30-FE40-4630-858E-03F3D08356D3}.Ad-Hoc|Any CPU.ActiveCfg = Dev|Any CPU
		{3446AC30-FE40-4630-858E-03F3D08356D3}.Ad-Hoc|Any CPU.Build.0 = Dev|Any CPU
		{3446AC30-FE40-4630-858E-03F3D08356D3}.Ad-Hoc|ARM.ActiveCfg = Dev|Any CPU
		{3446AC30-FE40-4630-858E-03F3D08356D3}.Ad-Hoc|iPhone.ActiveCfg = Dev|Any CPU
		{3446AC30-FE40-4630-858E-03F3D08356D3}.Ad-Hoc|iPhoneSimulator.ActiveCfg = Dev|Any CPU
		{3446AC30-FE40-4630-858E-03F3D08356D3}.Ad-Hoc|Mixed Platforms.ActiveCfg = Dev|Any CPU
		{3446AC30-FE40-4630-858E-03F3D08356D3}.Ad-Hoc|Mixed Platforms.Build.0 = Dev|Any CPU
		{3446AC30-FE40-4630-858E-03F3D08356D3}.Ad-Hoc|x86.ActiveCfg = Dev|Any CPU
		{3446AC30-FE40-4630-858E-03F3D08356D3}.AppStore|Any CPU.ActiveCfg = Dev|Any CPU
		{3446AC30-FE40-4630-858E-03F3D08356D3}.AppStore|Any CPU.Build.0 = Dev|Any CPU
		{3446AC30-FE40-4630-858E-03F3D08356D3}.AppStore|ARM.ActiveCfg = Dev|Any CPU
		{3446AC30-FE40-4630-858E-03F3D08356D3}.AppStore|iPhone.ActiveCfg = Dev|Any CPU
		{3446AC30-FE40-4630-858E-03F3D08356D3}.AppStore|iPhoneSimulator.ActiveCfg = Dev|Any CPU
		{3446AC30-FE40-4630-858E-03F3D08356D3}.AppStore|Mixed Platforms.ActiveCfg = Dev|Any CPU
		{3446AC30-FE40-4630-858E-03F3D08356D3}.AppStore|Mixed Platforms.Build.0 = Dev|Any CPU
		{3446AC30-FE40-4630-858E-03F3D08356D3}.AppStore|x86.ActiveCfg = Dev|Any CPU
		{3446AC30-FE40-4630-858E-03F3D08356D3}.Dev|Any CPU.ActiveCfg = Dev|Any CPU
		{3446AC30-FE40-4630-858E-03F3D08356D3}.Dev|Any CPU.Build.0 = Dev|Any CPU
		{3446AC30-FE40-4630-858E-03F3D08356D3}.Dev|ARM.ActiveCfg = Dev|Any CPU
		{3446AC30-FE40-4630-858E-03F3D08356D3}.Dev|iPhone.ActiveCfg = Dev|Any CPU
		{3446AC30-FE40-4630-858E-03F3D08356D3}.Dev|iPhoneSimulator.ActiveCfg = Dev|Any CPU
		{3446AC30-FE40-4630-858E-03F3D08356D3}.Dev|Mixed Platforms.ActiveCfg = Dev|Any CPU
		{3446AC30-FE40-4630-858E-03F3D08356D3}.Dev|Mixed Platforms.Build.0 = Dev|Any CPU
		{3446AC30-FE40-4630-858E-03F3D08356D3}.Dev|x86.ActiveCfg = Dev|Any CPU
		{3446AC30-FE40-4630-858E-03F3D08356D3}.Release|Any CPU.ActiveCfg = Release|Any CPU
		{3446AC30-FE40-4630-858E-03F3D08356D3}.Release|Any CPU.Build.0 = Release|Any CPU
		{3446AC30-FE40-4630-858E-03F3D08356D3}.Release|ARM.ActiveCfg = Release|Any CPU
		{3446AC30-FE40-4630-858E-03F3D08356D3}.Release|iPhone.ActiveCfg = Release|Any CPU
		{3446AC30-FE40-4630-858E-03F3D08356D3}.Release|iPhoneSimulator.ActiveCfg = Release|Any CPU
		{3446AC30-FE40-4630-858E-03F3D08356D3}.Release|Mixed Platforms.ActiveCfg = Release|Any CPU
		{3446AC30-FE40-4630-858E-03F3D08356D3}.Release|Mixed Platforms.Build.0 = Release|Any CPU
		{3446AC30-FE40-4630-858E-03F3D08356D3}.Release|x86.ActiveCfg = Release|Any CPU
		{C1CD2C2A-C6A0-4531-8513-938FC474FF1A}.Ad-Hoc|Any CPU.ActiveCfg = Dev|Any CPU
		{C1CD2C2A-C6A0-4531-8513-938FC474FF1A}.Ad-Hoc|Any CPU.Build.0 = Dev|Any CPU
		{C1CD2C2A-C6A0-4531-8513-938FC474FF1A}.Ad-Hoc|ARM.ActiveCfg = Dev|Any CPU
		{C1CD2C2A-C6A0-4531-8513-938FC474FF1A}.Ad-Hoc|iPhone.ActiveCfg = Dev|Any CPU
		{C1CD2C2A-C6A0-4531-8513-938FC474FF1A}.Ad-Hoc|iPhoneSimulator.ActiveCfg = Dev|Any CPU
		{C1CD2C2A-C6A0-4531-8513-938FC474FF1A}.Ad-Hoc|Mixed Platforms.ActiveCfg = Dev|Any CPU
		{C1CD2C2A-C6A0-4531-8513-938FC474FF1A}.Ad-Hoc|Mixed Platforms.Build.0 = Dev|Any CPU
		{C1CD2C2A-C6A0-4531-8513-938FC474FF1A}.Ad-Hoc|x86.ActiveCfg = Dev|Any CPU
		{C1CD2C2A-C6A0-4531-8513-938FC474FF1A}.AppStore|Any CPU.ActiveCfg = Dev|Any CPU
		{C1CD2C2A-C6A0-4531-8513-938FC474FF1A}.AppStore|Any CPU.Build.0 = Dev|Any CPU
		{C1CD2C2A-C6A0-4531-8513-938FC474FF1A}.AppStore|ARM.ActiveCfg = Dev|Any CPU
		{C1CD2C2A-C6A0-4531-8513-938FC474FF1A}.AppStore|iPhone.ActiveCfg = Dev|Any CPU
		{C1CD2C2A-C6A0-4531-8513-938FC474FF1A}.AppStore|iPhoneSimulator.ActiveCfg = Dev|Any CPU
		{C1CD2C2A-C6A0-4531-8513-938FC474FF1A}.AppStore|Mixed Platforms.ActiveCfg = Dev|Any CPU
		{C1CD2C2A-C6A0-4531-8513-938FC474FF1A}.AppStore|Mixed Platforms.Build.0 = Dev|Any CPU
		{C1CD2C2A-C6A0-4531-8513-938FC474FF1A}.AppStore|x86.ActiveCfg = Dev|Any CPU
		{C1CD2C2A-C6A0-4531-8513-938FC474FF1A}.Dev|Any CPU.ActiveCfg = Dev|Any CPU
		{C1CD2C2A-C6A0-4531-8513-938FC474FF1A}.Dev|Any CPU.Build.0 = Dev|Any CPU
		{C1CD2C2A-C6A0-4531-8513-938FC474FF1A}.Dev|ARM.ActiveCfg = Dev|Any CPU
		{C1CD2C2A-C6A0-4531-8513-938FC474FF1A}.Dev|iPhone.ActiveCfg = Dev|Any CPU
		{C1CD2C2A-C6A0-4531-8513-938FC474FF1A}.Dev|iPhoneSimulator.ActiveCfg = Dev|Any CPU
		{C1CD2C2A-C6A0-4531-8513-938FC474FF1A}.Dev|Mixed Platforms.ActiveCfg = Dev|Any CPU
		{C1CD2C2A-C6A0-4531-8513-938FC474FF1A}.Dev|Mixed Platforms.Build.0 = Dev|Any CPU
		{C1CD2C2A-C6A0-4531-8513-938FC474FF1A}.Dev|x86.ActiveCfg = Dev|Any CPU
		{C1CD2C2A-C6A0-4531-8513-938FC474FF1A}.Release|Any CPU.ActiveCfg = Release|Any CPU
		{C1CD2C2A-C6A0-4531-8513-938FC474FF1A}.Release|Any CPU.Build.0 = Release|Any CPU
		{C1CD2C2A-C6A0-4531-8513-938FC474FF1A}.Release|ARM.ActiveCfg = Release|Any CPU
		{C1CD2C2A-C6A0-4531-8513-938FC474FF1A}.Release|iPhone.ActiveCfg = Release|Any CPU
		{C1CD2C2A-C6A0-4531-8513-938FC474FF1A}.Release|iPhoneSimulator.ActiveCfg = Release|Any CPU
		{C1CD2C2A-C6A0-4531-8513-938FC474FF1A}.Release|Mixed Platforms.ActiveCfg = Release|Any CPU
		{C1CD2C2A-C6A0-4531-8513-938FC474FF1A}.Release|Mixed Platforms.Build.0 = Release|Any CPU
		{C1CD2C2A-C6A0-4531-8513-938FC474FF1A}.Release|x86.ActiveCfg = Release|Any CPU
		{A591CF4A-F004-4D92-ADE8-8937FF290B63}.Ad-Hoc|Any CPU.ActiveCfg = Dev|Any CPU
		{A591CF4A-F004-4D92-ADE8-8937FF290B63}.Ad-Hoc|Any CPU.Build.0 = Dev|Any CPU
		{A591CF4A-F004-4D92-ADE8-8937FF290B63}.Ad-Hoc|ARM.ActiveCfg = Dev|Any CPU
		{A591CF4A-F004-4D92-ADE8-8937FF290B63}.Ad-Hoc|iPhone.ActiveCfg = Dev|Any CPU
		{A591CF4A-F004-4D92-ADE8-8937FF290B63}.Ad-Hoc|iPhoneSimulator.ActiveCfg = Dev|Any CPU
		{A591CF4A-F004-4D92-ADE8-8937FF290B63}.Ad-Hoc|Mixed Platforms.ActiveCfg = Dev|Any CPU
		{A591CF4A-F004-4D92-ADE8-8937FF290B63}.Ad-Hoc|Mixed Platforms.Build.0 = Dev|Any CPU
		{A591CF4A-F004-4D92-ADE8-8937FF290B63}.Ad-Hoc|x86.ActiveCfg = Dev|Any CPU
		{A591CF4A-F004-4D92-ADE8-8937FF290B63}.AppStore|Any CPU.ActiveCfg = Dev|Any CPU
		{A591CF4A-F004-4D92-ADE8-8937FF290B63}.AppStore|Any CPU.Build.0 = Dev|Any CPU
		{A591CF4A-F004-4D92-ADE8-8937FF290B63}.AppStore|ARM.ActiveCfg = Dev|Any CPU
		{A591CF4A-F004-4D92-ADE8-8937FF290B63}.AppStore|iPhone.ActiveCfg = Dev|Any CPU
		{A591CF4A-F004-4D92-ADE8-8937FF290B63}.AppStore|iPhoneSimulator.ActiveCfg = Dev|Any CPU
		{A591CF4A-F004-4D92-ADE8-8937FF290B63}.AppStore|Mixed Platforms.ActiveCfg = Dev|Any CPU
		{A591CF4A-F004-4D92-ADE8-8937FF290B63}.AppStore|Mixed Platforms.Build.0 = Dev|Any CPU
		{A591CF4A-F004-4D92-ADE8-8937FF290B63}.AppStore|x86.ActiveCfg = Dev|Any CPU
		{A591CF4A-F004-4D92-ADE8-8937FF290B63}.Dev|Any CPU.ActiveCfg = Dev|Any CPU
		{A591CF4A-F004-4D92-ADE8-8937FF290B63}.Dev|Any CPU.Build.0 = Dev|Any CPU
		{A591CF4A-F004-4D92-ADE8-8937FF290B63}.Dev|ARM.ActiveCfg = Dev|Any CPU
		{A591CF4A-F004-4D92-ADE8-8937FF290B63}.Dev|iPhone.ActiveCfg = Dev|Any CPU
		{A591CF4A-F004-4D92-ADE8-8937FF290B63}.Dev|iPhoneSimulator.ActiveCfg = Dev|Any CPU
		{A591CF4A-F004-4D92-ADE8-8937FF290B63}.Dev|Mixed Platforms.ActiveCfg = Dev|Any CPU
		{A591CF4A-F004-4D92-ADE8-8937FF290B63}.Dev|Mixed Platforms.Build.0 = Dev|Any CPU
		{A591CF4A-F004-4D92-ADE8-8937FF290B63}.Dev|x86.ActiveCfg = Dev|Any CPU
		{A591CF4A-F004-4D92-ADE8-8937FF290B63}.Release|Any CPU.ActiveCfg = Release|Any CPU
		{A591CF4A-F004-4D92-ADE8-8937FF290B63}.Release|Any CPU.Build.0 = Release|Any CPU
		{A591CF4A-F004-4D92-ADE8-8937FF290B63}.Release|ARM.ActiveCfg = Release|Any CPU
		{A591CF4A-F004-4D92-ADE8-8937FF290B63}.Release|iPhone.ActiveCfg = Release|Any CPU
		{A591CF4A-F004-4D92-ADE8-8937FF290B63}.Release|iPhoneSimulator.ActiveCfg = Release|Any CPU
		{A591CF4A-F004-4D92-ADE8-8937FF290B63}.Release|Mixed Platforms.ActiveCfg = Release|Any CPU
		{A591CF4A-F004-4D92-ADE8-8937FF290B63}.Release|Mixed Platforms.Build.0 = Release|Any CPU
		{A591CF4A-F004-4D92-ADE8-8937FF290B63}.Release|x86.ActiveCfg = Release|Any CPU
		{D05D3164-6161-4773-A447-397373DD1A19}.Ad-Hoc|Any CPU.ActiveCfg = Dev|Any CPU
		{D05D3164-6161-4773-A447-397373DD1A19}.Ad-Hoc|Any CPU.Build.0 = Dev|Any CPU
		{D05D3164-6161-4773-A447-397373DD1A19}.Ad-Hoc|ARM.ActiveCfg = Dev|Any CPU
		{D05D3164-6161-4773-A447-397373DD1A19}.Ad-Hoc|iPhone.ActiveCfg = Dev|Any CPU
		{D05D3164-6161-4773-A447-397373DD1A19}.Ad-Hoc|iPhoneSimulator.ActiveCfg = Dev|Any CPU
		{D05D3164-6161-4773-A447-397373DD1A19}.Ad-Hoc|Mixed Platforms.ActiveCfg = Dev|Any CPU
		{D05D3164-6161-4773-A447-397373DD1A19}.Ad-Hoc|Mixed Platforms.Build.0 = Dev|Any CPU
		{D05D3164-6161-4773-A447-397373DD1A19}.Ad-Hoc|x86.ActiveCfg = Dev|Any CPU
		{D05D3164-6161-4773-A447-397373DD1A19}.AppStore|Any CPU.ActiveCfg = Dev|Any CPU
		{D05D3164-6161-4773-A447-397373DD1A19}.AppStore|Any CPU.Build.0 = Dev|Any CPU
		{D05D3164-6161-4773-A447-397373DD1A19}.AppStore|ARM.ActiveCfg = Dev|Any CPU
		{D05D3164-6161-4773-A447-397373DD1A19}.AppStore|iPhone.ActiveCfg = Dev|Any CPU
		{D05D3164-6161-4773-A447-397373DD1A19}.AppStore|iPhoneSimulator.ActiveCfg = Dev|Any CPU
		{D05D3164-6161-4773-A447-397373DD1A19}.AppStore|Mixed Platforms.ActiveCfg = Dev|Any CPU
		{D05D3164-6161-4773-A447-397373DD1A19}.AppStore|Mixed Platforms.Build.0 = Dev|Any CPU
		{D05D3164-6161-4773-A447-397373DD1A19}.AppStore|x86.ActiveCfg = Dev|Any CPU
		{D05D3164-6161-4773-A447-397373DD1A19}.Dev|Any CPU.ActiveCfg = Dev|Any CPU
		{D05D3164-6161-4773-A447-397373DD1A19}.Dev|Any CPU.Build.0 = Dev|Any CPU
		{D05D3164-6161-4773-A447-397373DD1A19}.Dev|ARM.ActiveCfg = Dev|Any CPU
		{D05D3164-6161-4773-A447-397373DD1A19}.Dev|iPhone.ActiveCfg = Dev|Any CPU
		{D05D3164-6161-4773-A447-397373DD1A19}.Dev|iPhoneSimulator.ActiveCfg = Dev|Any CPU
		{D05D3164-6161-4773-A447-397373DD1A19}.Dev|Mixed Platforms.ActiveCfg = Dev|Any CPU
		{D05D3164-6161-4773-A447-397373DD1A19}.Dev|Mixed Platforms.Build.0 = Dev|Any CPU
		{D05D3164-6161-4773-A447-397373DD1A19}.Dev|x86.ActiveCfg = Dev|Any CPU
		{D05D3164-6161-4773-A447-397373DD1A19}.Release|Any CPU.ActiveCfg = Release|Any CPU
		{D05D3164-6161-4773-A447-397373DD1A19}.Release|Any CPU.Build.0 = Release|Any CPU
		{D05D3164-6161-4773-A447-397373DD1A19}.Release|ARM.ActiveCfg = Release|Any CPU
		{D05D3164-6161-4773-A447-397373DD1A19}.Release|iPhone.ActiveCfg = Release|Any CPU
		{D05D3164-6161-4773-A447-397373DD1A19}.Release|iPhoneSimulator.ActiveCfg = Release|Any CPU
		{D05D3164-6161-4773-A447-397373DD1A19}.Release|Mixed Platforms.ActiveCfg = Release|Any CPU
		{D05D3164-6161-4773-A447-397373DD1A19}.Release|Mixed Platforms.Build.0 = Release|Any CPU
		{D05D3164-6161-4773-A447-397373DD1A19}.Release|x86.ActiveCfg = Release|Any CPU
		{0E172F08-095F-4BD6-BEA0-79A70DDB095C}.Ad-Hoc|Any CPU.ActiveCfg = Dev|Any CPU
		{0E172F08-095F-4BD6-BEA0-79A70DDB095C}.Ad-Hoc|Any CPU.Build.0 = Dev|Any CPU
		{0E172F08-095F-4BD6-BEA0-79A70DDB095C}.Ad-Hoc|ARM.ActiveCfg = Dev|Any CPU
		{0E172F08-095F-4BD6-BEA0-79A70DDB095C}.Ad-Hoc|iPhone.ActiveCfg = Dev|Any CPU
		{0E172F08-095F-4BD6-BEA0-79A70DDB095C}.Ad-Hoc|iPhoneSimulator.ActiveCfg = Dev|Any CPU
		{0E172F08-095F-4BD6-BEA0-79A70DDB095C}.Ad-Hoc|Mixed Platforms.ActiveCfg = Dev|Any CPU
		{0E172F08-095F-4BD6-BEA0-79A70DDB095C}.Ad-Hoc|Mixed Platforms.Build.0 = Dev|Any CPU
		{0E172F08-095F-4BD6-BEA0-79A70DDB095C}.Ad-Hoc|x86.ActiveCfg = Dev|Any CPU
		{0E172F08-095F-4BD6-BEA0-79A70DDB095C}.AppStore|Any CPU.ActiveCfg = Dev|Any CPU
		{0E172F08-095F-4BD6-BEA0-79A70DDB095C}.AppStore|Any CPU.Build.0 = Dev|Any CPU
		{0E172F08-095F-4BD6-BEA0-79A70DDB095C}.AppStore|ARM.ActiveCfg = Dev|Any CPU
		{0E172F08-095F-4BD6-BEA0-79A70DDB095C}.AppStore|iPhone.ActiveCfg = Dev|Any CPU
		{0E172F08-095F-4BD6-BEA0-79A70DDB095C}.AppStore|iPhoneSimulator.ActiveCfg = Dev|Any CPU
		{0E172F08-095F-4BD6-BEA0-79A70DDB095C}.AppStore|Mixed Platforms.ActiveCfg = Dev|Any CPU
		{0E172F08-095F-4BD6-BEA0-79A70DDB095C}.AppStore|Mixed Platforms.Build.0 = Dev|Any CPU
		{0E172F08-095F-4BD6-BEA0-79A70DDB095C}.AppStore|x86.ActiveCfg = Dev|Any CPU
		{0E172F08-095F-4BD6-BEA0-79A70DDB095C}.Dev|Any CPU.ActiveCfg = Dev|Any CPU
		{0E172F08-095F-4BD6-BEA0-79A70DDB095C}.Dev|Any CPU.Build.0 = Dev|Any CPU
		{0E172F08-095F-4BD6-BEA0-79A70DDB095C}.Dev|ARM.ActiveCfg = Dev|Any CPU
		{0E172F08-095F-4BD6-BEA0-79A70DDB095C}.Dev|iPhone.ActiveCfg = Dev|Any CPU
		{0E172F08-095F-4BD6-BEA0-79A70DDB095C}.Dev|iPhoneSimulator.ActiveCfg = Dev|Any CPU
		{0E172F08-095F-4BD6-BEA0-79A70DDB095C}.Dev|Mixed Platforms.ActiveCfg = Dev|Any CPU
		{0E172F08-095F-4BD6-BEA0-79A70DDB095C}.Dev|Mixed Platforms.Build.0 = Dev|Any CPU
		{0E172F08-095F-4BD6-BEA0-79A70DDB095C}.Dev|x86.ActiveCfg = Dev|Any CPU
		{0E172F08-095F-4BD6-BEA0-79A70DDB095C}.Release|Any CPU.ActiveCfg = Release|Any CPU
		{0E172F08-095F-4BD6-BEA0-79A70DDB095C}.Release|Any CPU.Build.0 = Release|Any CPU
		{0E172F08-095F-4BD6-BEA0-79A70DDB095C}.Release|ARM.ActiveCfg = Release|Any CPU
		{0E172F08-095F-4BD6-BEA0-79A70DDB095C}.Release|iPhone.ActiveCfg = Release|Any CPU
		{0E172F08-095F-4BD6-BEA0-79A70DDB095C}.Release|iPhoneSimulator.ActiveCfg = Release|Any CPU
		{0E172F08-095F-4BD6-BEA0-79A70DDB095C}.Release|Mixed Platforms.ActiveCfg = Release|Any CPU
		{0E172F08-095F-4BD6-BEA0-79A70DDB095C}.Release|Mixed Platforms.Build.0 = Release|Any CPU
		{0E172F08-095F-4BD6-BEA0-79A70DDB095C}.Release|x86.ActiveCfg = Release|Any CPU
		{CFC68387-43FD-4EAD-9F24-B99CC4941D4E}.Ad-Hoc|Any CPU.ActiveCfg = Dev|Any CPU
		{CFC68387-43FD-4EAD-9F24-B99CC4941D4E}.Ad-Hoc|Any CPU.Build.0 = Dev|Any CPU
		{CFC68387-43FD-4EAD-9F24-B99CC4941D4E}.Ad-Hoc|ARM.ActiveCfg = Dev|Any CPU
		{CFC68387-43FD-4EAD-9F24-B99CC4941D4E}.Ad-Hoc|iPhone.ActiveCfg = Dev|Any CPU
		{CFC68387-43FD-4EAD-9F24-B99CC4941D4E}.Ad-Hoc|iPhoneSimulator.ActiveCfg = Dev|Any CPU
		{CFC68387-43FD-4EAD-9F24-B99CC4941D4E}.Ad-Hoc|Mixed Platforms.ActiveCfg = Dev|Any CPU
		{CFC68387-43FD-4EAD-9F24-B99CC4941D4E}.Ad-Hoc|Mixed Platforms.Build.0 = Dev|Any CPU
		{CFC68387-43FD-4EAD-9F24-B99CC4941D4E}.Ad-Hoc|x86.ActiveCfg = Dev|Any CPU
		{CFC68387-43FD-4EAD-9F24-B99CC4941D4E}.AppStore|Any CPU.ActiveCfg = Dev|Any CPU
		{CFC68387-43FD-4EAD-9F24-B99CC4941D4E}.AppStore|Any CPU.Build.0 = Dev|Any CPU
		{CFC68387-43FD-4EAD-9F24-B99CC4941D4E}.AppStore|ARM.ActiveCfg = Dev|Any CPU
		{CFC68387-43FD-4EAD-9F24-B99CC4941D4E}.AppStore|iPhone.ActiveCfg = Dev|Any CPU
		{CFC68387-43FD-4EAD-9F24-B99CC4941D4E}.AppStore|iPhoneSimulator.ActiveCfg = Dev|Any CPU
		{CFC68387-43FD-4EAD-9F24-B99CC4941D4E}.AppStore|Mixed Platforms.ActiveCfg = Dev|Any CPU
		{CFC68387-43FD-4EAD-9F24-B99CC4941D4E}.AppStore|Mixed Platforms.Build.0 = Dev|Any CPU
		{CFC68387-43FD-4EAD-9F24-B99CC4941D4E}.AppStore|x86.ActiveCfg = Dev|Any CPU
		{CFC68387-43FD-4EAD-9F24-B99CC4941D4E}.Dev|Any CPU.ActiveCfg = Dev|Any CPU
		{CFC68387-43FD-4EAD-9F24-B99CC4941D4E}.Dev|Any CPU.Build.0 = Dev|Any CPU
		{CFC68387-43FD-4EAD-9F24-B99CC4941D4E}.Dev|ARM.ActiveCfg = Dev|Any CPU
		{CFC68387-43FD-4EAD-9F24-B99CC4941D4E}.Dev|iPhone.ActiveCfg = Dev|Any CPU
		{CFC68387-43FD-4EAD-9F24-B99CC4941D4E}.Dev|iPhoneSimulator.ActiveCfg = Dev|Any CPU
		{CFC68387-43FD-4EAD-9F24-B99CC4941D4E}.Dev|Mixed Platforms.ActiveCfg = Dev|Any CPU
		{CFC68387-43FD-4EAD-9F24-B99CC4941D4E}.Dev|Mixed Platforms.Build.0 = Dev|Any CPU
		{CFC68387-43FD-4EAD-9F24-B99CC4941D4E}.Dev|x86.ActiveCfg = Dev|Any CPU
		{CFC68387-43FD-4EAD-9F24-B99CC4941D4E}.Release|Any CPU.ActiveCfg = Release|Any CPU
		{CFC68387-43FD-4EAD-9F24-B99CC4941D4E}.Release|Any CPU.Build.0 = Release|Any CPU
		{CFC68387-43FD-4EAD-9F24-B99CC4941D4E}.Release|ARM.ActiveCfg = Release|Any CPU
		{CFC68387-43FD-4EAD-9F24-B99CC4941D4E}.Release|iPhone.ActiveCfg = Release|Any CPU
		{CFC68387-43FD-4EAD-9F24-B99CC4941D4E}.Release|iPhoneSimulator.ActiveCfg = Release|Any CPU
		{CFC68387-43FD-4EAD-9F24-B99CC4941D4E}.Release|Mixed Platforms.ActiveCfg = Release|Any CPU
		{CFC68387-43FD-4EAD-9F24-B99CC4941D4E}.Release|Mixed Platforms.Build.0 = Release|Any CPU
		{CFC68387-43FD-4EAD-9F24-B99CC4941D4E}.Release|x86.ActiveCfg = Release|Any CPU
		{B715A80F-F971-4AF5-B884-9C3BD2EA7BD8}.Ad-Hoc|Any CPU.ActiveCfg = Dev|Any CPU
		{B715A80F-F971-4AF5-B884-9C3BD2EA7BD8}.Ad-Hoc|Any CPU.Build.0 = Dev|Any CPU
		{B715A80F-F971-4AF5-B884-9C3BD2EA7BD8}.Ad-Hoc|ARM.ActiveCfg = Dev|Any CPU
		{B715A80F-F971-4AF5-B884-9C3BD2EA7BD8}.Ad-Hoc|iPhone.ActiveCfg = Dev|Any CPU
		{B715A80F-F971-4AF5-B884-9C3BD2EA7BD8}.Ad-Hoc|iPhoneSimulator.ActiveCfg = Dev|Any CPU
		{B715A80F-F971-4AF5-B884-9C3BD2EA7BD8}.Ad-Hoc|Mixed Platforms.ActiveCfg = Dev|Any CPU
		{B715A80F-F971-4AF5-B884-9C3BD2EA7BD8}.Ad-Hoc|Mixed Platforms.Build.0 = Dev|Any CPU
		{B715A80F-F971-4AF5-B884-9C3BD2EA7BD8}.Ad-Hoc|x86.ActiveCfg = Dev|Any CPU
		{B715A80F-F971-4AF5-B884-9C3BD2EA7BD8}.AppStore|Any CPU.ActiveCfg = Dev|Any CPU
		{B715A80F-F971-4AF5-B884-9C3BD2EA7BD8}.AppStore|Any CPU.Build.0 = Dev|Any CPU
		{B715A80F-F971-4AF5-B884-9C3BD2EA7BD8}.AppStore|ARM.ActiveCfg = Dev|Any CPU
		{B715A80F-F971-4AF5-B884-9C3BD2EA7BD8}.AppStore|iPhone.ActiveCfg = Dev|Any CPU
		{B715A80F-F971-4AF5-B884-9C3BD2EA7BD8}.AppStore|iPhoneSimulator.ActiveCfg = Dev|Any CPU
		{B715A80F-F971-4AF5-B884-9C3BD2EA7BD8}.AppStore|Mixed Platforms.ActiveCfg = Dev|Any CPU
		{B715A80F-F971-4AF5-B884-9C3BD2EA7BD8}.AppStore|Mixed Platforms.Build.0 = Dev|Any CPU
		{B715A80F-F971-4AF5-B884-9C3BD2EA7BD8}.AppStore|x86.ActiveCfg = Dev|Any CPU
		{B715A80F-F971-4AF5-B884-9C3BD2EA7BD8}.Dev|Any CPU.ActiveCfg = Dev|Any CPU
		{B715A80F-F971-4AF5-B884-9C3BD2EA7BD8}.Dev|Any CPU.Build.0 = Dev|Any CPU
		{B715A80F-F971-4AF5-B884-9C3BD2EA7BD8}.Dev|ARM.ActiveCfg = Dev|Any CPU
		{B715A80F-F971-4AF5-B884-9C3BD2EA7BD8}.Dev|iPhone.ActiveCfg = Dev|Any CPU
		{B715A80F-F971-4AF5-B884-9C3BD2EA7BD8}.Dev|iPhoneSimulator.ActiveCfg = Dev|Any CPU
		{B715A80F-F971-4AF5-B884-9C3BD2EA7BD8}.Dev|Mixed Platforms.ActiveCfg = Dev|Any CPU
		{B715A80F-F971-4AF5-B884-9C3BD2EA7BD8}.Dev|Mixed Platforms.Build.0 = Dev|Any CPU
		{B715A80F-F971-4AF5-B884-9C3BD2EA7BD8}.Dev|x86.ActiveCfg = Dev|Any CPU
		{B715A80F-F971-4AF5-B884-9C3BD2EA7BD8}.Release|Any CPU.ActiveCfg = Release|Any CPU
		{B715A80F-F971-4AF5-B884-9C3BD2EA7BD8}.Release|Any CPU.Build.0 = Release|Any CPU
		{B715A80F-F971-4AF5-B884-9C3BD2EA7BD8}.Release|ARM.ActiveCfg = Release|Any CPU
		{B715A80F-F971-4AF5-B884-9C3BD2EA7BD8}.Release|iPhone.ActiveCfg = Release|Any CPU
		{B715A80F-F971-4AF5-B884-9C3BD2EA7BD8}.Release|iPhoneSimulator.ActiveCfg = Release|Any CPU
		{B715A80F-F971-4AF5-B884-9C3BD2EA7BD8}.Release|Mixed Platforms.ActiveCfg = Release|Any CPU
		{B715A80F-F971-4AF5-B884-9C3BD2EA7BD8}.Release|Mixed Platforms.Build.0 = Release|Any CPU
		{B715A80F-F971-4AF5-B884-9C3BD2EA7BD8}.Release|x86.ActiveCfg = Release|Any CPU
		{E8D4C1B0-F3BF-4497-9CE7-922E90B1CF5B}.Ad-Hoc|Any CPU.ActiveCfg = Dev|Any CPU
		{E8D4C1B0-F3BF-4497-9CE7-922E90B1CF5B}.Ad-Hoc|Any CPU.Build.0 = Dev|Any CPU
		{E8D4C1B0-F3BF-4497-9CE7-922E90B1CF5B}.Ad-Hoc|ARM.ActiveCfg = Dev|Any CPU
		{E8D4C1B0-F3BF-4497-9CE7-922E90B1CF5B}.Ad-Hoc|iPhone.ActiveCfg = Dev|Any CPU
		{E8D4C1B0-F3BF-4497-9CE7-922E90B1CF5B}.Ad-Hoc|iPhoneSimulator.ActiveCfg = Dev|Any CPU
		{E8D4C1B0-F3BF-4497-9CE7-922E90B1CF5B}.Ad-Hoc|Mixed Platforms.ActiveCfg = Dev|Any CPU
		{E8D4C1B0-F3BF-4497-9CE7-922E90B1CF5B}.Ad-Hoc|Mixed Platforms.Build.0 = Dev|Any CPU
		{E8D4C1B0-F3BF-4497-9CE7-922E90B1CF5B}.Ad-Hoc|x86.ActiveCfg = Dev|Any CPU
		{E8D4C1B0-F3BF-4497-9CE7-922E90B1CF5B}.AppStore|Any CPU.ActiveCfg = Dev|Any CPU
		{E8D4C1B0-F3BF-4497-9CE7-922E90B1CF5B}.AppStore|Any CPU.Build.0 = Dev|Any CPU
		{E8D4C1B0-F3BF-4497-9CE7-922E90B1CF5B}.AppStore|ARM.ActiveCfg = Dev|Any CPU
		{E8D4C1B0-F3BF-4497-9CE7-922E90B1CF5B}.AppStore|iPhone.ActiveCfg = Dev|Any CPU
		{E8D4C1B0-F3BF-4497-9CE7-922E90B1CF5B}.AppStore|iPhoneSimulator.ActiveCfg = Dev|Any CPU
		{E8D4C1B0-F3BF-4497-9CE7-922E90B1CF5B}.AppStore|Mixed Platforms.ActiveCfg = Dev|Any CPU
		{E8D4C1B0-F3BF-4497-9CE7-922E90B1CF5B}.AppStore|Mixed Platforms.Build.0 = Dev|Any CPU
		{E8D4C1B0-F3BF-4497-9CE7-922E90B1CF5B}.AppStore|x86.ActiveCfg = Dev|Any CPU
		{E8D4C1B0-F3BF-4497-9CE7-922E90B1CF5B}.Dev|Any CPU.ActiveCfg = Dev|Any CPU
		{E8D4C1B0-F3BF-4497-9CE7-922E90B1CF5B}.Dev|Any CPU.Build.0 = Dev|Any CPU
		{E8D4C1B0-F3BF-4497-9CE7-922E90B1CF5B}.Dev|ARM.ActiveCfg = Dev|Any CPU
		{E8D4C1B0-F3BF-4497-9CE7-922E90B1CF5B}.Dev|iPhone.ActiveCfg = Dev|Any CPU
		{E8D4C1B0-F3BF-4497-9CE7-922E90B1CF5B}.Dev|iPhoneSimulator.ActiveCfg = Dev|Any CPU
		{E8D4C1B0-F3BF-4497-9CE7-922E90B1CF5B}.Dev|Mixed Platforms.ActiveCfg = Dev|Any CPU
		{E8D4C1B0-F3BF-4497-9CE7-922E90B1CF5B}.Dev|Mixed Platforms.Build.0 = Dev|Any CPU
		{E8D4C1B0-F3BF-4497-9CE7-922E90B1CF5B}.Dev|x86.ActiveCfg = Dev|Any CPU
		{E8D4C1B0-F3BF-4497-9CE7-922E90B1CF5B}.Release|Any CPU.ActiveCfg = Release|Any CPU
		{E8D4C1B0-F3BF-4497-9CE7-922E90B1CF5B}.Release|Any CPU.Build.0 = Release|Any CPU
		{E8D4C1B0-F3BF-4497-9CE7-922E90B1CF5B}.Release|ARM.ActiveCfg = Release|Any CPU
		{E8D4C1B0-F3BF-4497-9CE7-922E90B1CF5B}.Release|iPhone.ActiveCfg = Release|Any CPU
		{E8D4C1B0-F3BF-4497-9CE7-922E90B1CF5B}.Release|iPhoneSimulator.ActiveCfg = Release|Any CPU
		{E8D4C1B0-F3BF-4497-9CE7-922E90B1CF5B}.Release|Mixed Platforms.ActiveCfg = Release|Any CPU
		{E8D4C1B0-F3BF-4497-9CE7-922E90B1CF5B}.Release|Mixed Platforms.Build.0 = Release|Any CPU
		{E8D4C1B0-F3BF-4497-9CE7-922E90B1CF5B}.Release|x86.ActiveCfg = Release|Any CPU
		{540C8649-4EA0-4188-B97D-B2F626824901}.Ad-Hoc|Any CPU.ActiveCfg = Dev|Any CPU
		{540C8649-4EA0-4188-B97D-B2F626824901}.Ad-Hoc|Any CPU.Build.0 = Dev|Any CPU
		{540C8649-4EA0-4188-B97D-B2F626824901}.Ad-Hoc|ARM.ActiveCfg = Dev|Any CPU
		{540C8649-4EA0-4188-B97D-B2F626824901}.Ad-Hoc|iPhone.ActiveCfg = Dev|Any CPU
		{540C8649-4EA0-4188-B97D-B2F626824901}.Ad-Hoc|iPhoneSimulator.ActiveCfg = Dev|Any CPU
		{540C8649-4EA0-4188-B97D-B2F626824901}.Ad-Hoc|Mixed Platforms.ActiveCfg = Dev|Any CPU
		{540C8649-4EA0-4188-B97D-B2F626824901}.Ad-Hoc|Mixed Platforms.Build.0 = Dev|Any CPU
		{540C8649-4EA0-4188-B97D-B2F626824901}.Ad-Hoc|x86.ActiveCfg = Dev|Any CPU
		{540C8649-4EA0-4188-B97D-B2F626824901}.AppStore|Any CPU.ActiveCfg = Dev|Any CPU
		{540C8649-4EA0-4188-B97D-B2F626824901}.AppStore|Any CPU.Build.0 = Dev|Any CPU
		{540C8649-4EA0-4188-B97D-B2F626824901}.AppStore|ARM.ActiveCfg = Dev|Any CPU
		{540C8649-4EA0-4188-B97D-B2F626824901}.AppStore|iPhone.ActiveCfg = Dev|Any CPU
		{540C8649-4EA0-4188-B97D-B2F626824901}.AppStore|iPhoneSimulator.ActiveCfg = Dev|Any CPU
		{540C8649-4EA0-4188-B97D-B2F626824901}.AppStore|Mixed Platforms.ActiveCfg = Dev|Any CPU
		{540C8649-4EA0-4188-B97D-B2F626824901}.AppStore|Mixed Platforms.Build.0 = Dev|Any CPU
		{540C8649-4EA0-4188-B97D-B2F626824901}.AppStore|x86.ActiveCfg = Dev|Any CPU
		{540C8649-4EA0-4188-B97D-B2F626824901}.Dev|Any CPU.ActiveCfg = Dev|Any CPU
		{540C8649-4EA0-4188-B97D-B2F626824901}.Dev|Any CPU.Build.0 = Dev|Any CPU
		{540C8649-4EA0-4188-B97D-B2F626824901}.Dev|ARM.ActiveCfg = Dev|Any CPU
		{540C8649-4EA0-4188-B97D-B2F626824901}.Dev|iPhone.ActiveCfg = Dev|Any CPU
		{540C8649-4EA0-4188-B97D-B2F626824901}.Dev|iPhoneSimulator.ActiveCfg = Dev|Any CPU
		{540C8649-4EA0-4188-B97D-B2F626824901}.Dev|Mixed Platforms.ActiveCfg = Dev|Any CPU
		{540C8649-4EA0-4188-B97D-B2F626824901}.Dev|Mixed Platforms.Build.0 = Dev|Any CPU
		{540C8649-4EA0-4188-B97D-B2F626824901}.Dev|x86.ActiveCfg = Dev|Any CPU
		{540C8649-4EA0-4188-B97D-B2F626824901}.Release|Any CPU.ActiveCfg = Release|Any CPU
		{540C8649-4EA0-4188-B97D-B2F626824901}.Release|Any CPU.Build.0 = Release|Any CPU
		{540C8649-4EA0-4188-B97D-B2F626824901}.Release|ARM.ActiveCfg = Release|Any CPU
		{540C8649-4EA0-4188-B97D-B2F626824901}.Release|iPhone.ActiveCfg = Release|Any CPU
		{540C8649-4EA0-4188-B97D-B2F626824901}.Release|iPhoneSimulator.ActiveCfg = Release|Any CPU
		{540C8649-4EA0-4188-B97D-B2F626824901}.Release|Mixed Platforms.ActiveCfg = Release|Any CPU
		{540C8649-4EA0-4188-B97D-B2F626824901}.Release|x86.ActiveCfg = Release|Any CPU
		{DCED2DA2-E615-41DA-BF80-3339D94473CE}.Ad-Hoc|Any CPU.ActiveCfg = Dev|Any CPU
		{DCED2DA2-E615-41DA-BF80-3339D94473CE}.Ad-Hoc|Any CPU.Build.0 = Dev|Any CPU
		{DCED2DA2-E615-41DA-BF80-3339D94473CE}.Ad-Hoc|ARM.ActiveCfg = Dev|Any CPU
		{DCED2DA2-E615-41DA-BF80-3339D94473CE}.Ad-Hoc|iPhone.ActiveCfg = Dev|Any CPU
		{DCED2DA2-E615-41DA-BF80-3339D94473CE}.Ad-Hoc|iPhoneSimulator.ActiveCfg = Dev|Any CPU
		{DCED2DA2-E615-41DA-BF80-3339D94473CE}.Ad-Hoc|Mixed Platforms.ActiveCfg = Dev|Any CPU
		{DCED2DA2-E615-41DA-BF80-3339D94473CE}.Ad-Hoc|Mixed Platforms.Build.0 = Dev|Any CPU
		{DCED2DA2-E615-41DA-BF80-3339D94473CE}.Ad-Hoc|x86.ActiveCfg = Dev|Any CPU
		{DCED2DA2-E615-41DA-BF80-3339D94473CE}.AppStore|Any CPU.ActiveCfg = Dev|Any CPU
		{DCED2DA2-E615-41DA-BF80-3339D94473CE}.AppStore|Any CPU.Build.0 = Dev|Any CPU
		{DCED2DA2-E615-41DA-BF80-3339D94473CE}.AppStore|ARM.ActiveCfg = Dev|Any CPU
		{DCED2DA2-E615-41DA-BF80-3339D94473CE}.AppStore|iPhone.ActiveCfg = Dev|Any CPU
		{DCED2DA2-E615-41DA-BF80-3339D94473CE}.AppStore|iPhoneSimulator.ActiveCfg = Dev|Any CPU
		{DCED2DA2-E615-41DA-BF80-3339D94473CE}.AppStore|Mixed Platforms.ActiveCfg = Dev|Any CPU
		{DCED2DA2-E615-41DA-BF80-3339D94473CE}.AppStore|Mixed Platforms.Build.0 = Dev|Any CPU
		{DCED2DA2-E615-41DA-BF80-3339D94473CE}.AppStore|x86.ActiveCfg = Dev|Any CPU
		{DCED2DA2-E615-41DA-BF80-3339D94473CE}.Dev|Any CPU.ActiveCfg = Dev|Any CPU
		{DCED2DA2-E615-41DA-BF80-3339D94473CE}.Dev|Any CPU.Build.0 = Dev|Any CPU
		{DCED2DA2-E615-41DA-BF80-3339D94473CE}.Dev|ARM.ActiveCfg = Dev|Any CPU
		{DCED2DA2-E615-41DA-BF80-3339D94473CE}.Dev|iPhone.ActiveCfg = Dev|Any CPU
		{DCED2DA2-E615-41DA-BF80-3339D94473CE}.Dev|iPhoneSimulator.ActiveCfg = Dev|Any CPU
		{DCED2DA2-E615-41DA-BF80-3339D94473CE}.Dev|Mixed Platforms.ActiveCfg = Dev|Any CPU
		{DCED2DA2-E615-41DA-BF80-3339D94473CE}.Dev|Mixed Platforms.Build.0 = Dev|Any CPU
		{DCED2DA2-E615-41DA-BF80-3339D94473CE}.Dev|x86.ActiveCfg = Dev|Any CPU
		{DCED2DA2-E615-41DA-BF80-3339D94473CE}.Release|Any CPU.ActiveCfg = Release|Any CPU
		{DCED2DA2-E615-41DA-BF80-3339D94473CE}.Release|Any CPU.Build.0 = Release|Any CPU
		{DCED2DA2-E615-41DA-BF80-3339D94473CE}.Release|ARM.ActiveCfg = Release|Any CPU
		{DCED2DA2-E615-41DA-BF80-3339D94473CE}.Release|iPhone.ActiveCfg = Release|Any CPU
		{DCED2DA2-E615-41DA-BF80-3339D94473CE}.Release|iPhoneSimulator.ActiveCfg = Release|Any CPU
		{DCED2DA2-E615-41DA-BF80-3339D94473CE}.Release|Mixed Platforms.ActiveCfg = Release|Any CPU
		{DCED2DA2-E615-41DA-BF80-3339D94473CE}.Release|Mixed Platforms.Build.0 = Release|Any CPU
		{DCED2DA2-E615-41DA-BF80-3339D94473CE}.Release|x86.ActiveCfg = Release|Any CPU
		{34F5B0DE-5584-48BE-AAAE-0D041F6267F4}.Ad-Hoc|Any CPU.ActiveCfg = Dev|Any CPU
		{34F5B0DE-5584-48BE-AAAE-0D041F6267F4}.Ad-Hoc|Any CPU.Build.0 = Dev|Any CPU
		{34F5B0DE-5584-48BE-AAAE-0D041F6267F4}.Ad-Hoc|ARM.ActiveCfg = Dev|Any CPU
		{34F5B0DE-5584-48BE-AAAE-0D041F6267F4}.Ad-Hoc|iPhone.ActiveCfg = Dev|Any CPU
		{34F5B0DE-5584-48BE-AAAE-0D041F6267F4}.Ad-Hoc|iPhoneSimulator.ActiveCfg = Dev|Any CPU
		{34F5B0DE-5584-48BE-AAAE-0D041F6267F4}.Ad-Hoc|Mixed Platforms.ActiveCfg = Dev|Any CPU
		{34F5B0DE-5584-48BE-AAAE-0D041F6267F4}.Ad-Hoc|Mixed Platforms.Build.0 = Dev|Any CPU
		{34F5B0DE-5584-48BE-AAAE-0D041F6267F4}.Ad-Hoc|x86.ActiveCfg = Dev|Any CPU
		{34F5B0DE-5584-48BE-AAAE-0D041F6267F4}.AppStore|Any CPU.ActiveCfg = Dev|Any CPU
		{34F5B0DE-5584-48BE-AAAE-0D041F6267F4}.AppStore|Any CPU.Build.0 = Dev|Any CPU
		{34F5B0DE-5584-48BE-AAAE-0D041F6267F4}.AppStore|ARM.ActiveCfg = Dev|Any CPU
		{34F5B0DE-5584-48BE-AAAE-0D041F6267F4}.AppStore|iPhone.ActiveCfg = Dev|Any CPU
		{34F5B0DE-5584-48BE-AAAE-0D041F6267F4}.AppStore|iPhoneSimulator.ActiveCfg = Dev|Any CPU
		{34F5B0DE-5584-48BE-AAAE-0D041F6267F4}.AppStore|Mixed Platforms.ActiveCfg = Dev|Any CPU
		{34F5B0DE-5584-48BE-AAAE-0D041F6267F4}.AppStore|Mixed Platforms.Build.0 = Dev|Any CPU
		{34F5B0DE-5584-48BE-AAAE-0D041F6267F4}.AppStore|x86.ActiveCfg = Dev|Any CPU
		{34F5B0DE-5584-48BE-AAAE-0D041F6267F4}.Dev|Any CPU.ActiveCfg = Dev|Any CPU
		{34F5B0DE-5584-48BE-AAAE-0D041F6267F4}.Dev|Any CPU.Build.0 = Dev|Any CPU
		{34F5B0DE-5584-48BE-AAAE-0D041F6267F4}.Dev|ARM.ActiveCfg = Dev|Any CPU
		{34F5B0DE-5584-48BE-AAAE-0D041F6267F4}.Dev|iPhone.ActiveCfg = Dev|Any CPU
		{34F5B0DE-5584-48BE-AAAE-0D041F6267F4}.Dev|iPhoneSimulator.ActiveCfg = Dev|Any CPU
		{34F5B0DE-5584-48BE-AAAE-0D041F6267F4}.Dev|Mixed Platforms.ActiveCfg = Dev|Any CPU
		{34F5B0DE-5584-48BE-AAAE-0D041F6267F4}.Dev|Mixed Platforms.Build.0 = Dev|Any CPU
		{34F5B0DE-5584-48BE-AAAE-0D041F6267F4}.Dev|x86.ActiveCfg = Dev|Any CPU
		{34F5B0DE-5584-48BE-AAAE-0D041F6267F4}.Release|Any CPU.ActiveCfg = Release|Any CPU
		{34F5B0DE-5584-48BE-AAAE-0D041F6267F4}.Release|Any CPU.Build.0 = Release|Any CPU
		{34F5B0DE-5584-48BE-AAAE-0D041F6267F4}.Release|ARM.ActiveCfg = Release|Any CPU
		{34F5B0DE-5584-48BE-AAAE-0D041F6267F4}.Release|iPhone.ActiveCfg = Release|Any CPU
		{34F5B0DE-5584-48BE-AAAE-0D041F6267F4}.Release|iPhoneSimulator.ActiveCfg = Release|Any CPU
		{34F5B0DE-5584-48BE-AAAE-0D041F6267F4}.Release|Mixed Platforms.ActiveCfg = Release|Any CPU
		{34F5B0DE-5584-48BE-AAAE-0D041F6267F4}.Release|Mixed Platforms.Build.0 = Release|Any CPU
		{34F5B0DE-5584-48BE-AAAE-0D041F6267F4}.Release|x86.ActiveCfg = Release|Any CPU
		{497A2BC7-E94A-44FA-925B-EFE69457C5B1}.Ad-Hoc|Any CPU.ActiveCfg = Dev|Any CPU
		{497A2BC7-E94A-44FA-925B-EFE69457C5B1}.Ad-Hoc|Any CPU.Build.0 = Dev|Any CPU
		{497A2BC7-E94A-44FA-925B-EFE69457C5B1}.Ad-Hoc|ARM.ActiveCfg = Dev|Any CPU
		{497A2BC7-E94A-44FA-925B-EFE69457C5B1}.Ad-Hoc|iPhone.ActiveCfg = Dev|Any CPU
		{497A2BC7-E94A-44FA-925B-EFE69457C5B1}.Ad-Hoc|iPhoneSimulator.ActiveCfg = Dev|Any CPU
		{497A2BC7-E94A-44FA-925B-EFE69457C5B1}.Ad-Hoc|Mixed Platforms.ActiveCfg = Dev|Any CPU
		{497A2BC7-E94A-44FA-925B-EFE69457C5B1}.Ad-Hoc|Mixed Platforms.Build.0 = Dev|Any CPU
		{497A2BC7-E94A-44FA-925B-EFE69457C5B1}.Ad-Hoc|x86.ActiveCfg = Dev|Any CPU
		{497A2BC7-E94A-44FA-925B-EFE69457C5B1}.AppStore|Any CPU.ActiveCfg = Dev|Any CPU
		{497A2BC7-E94A-44FA-925B-EFE69457C5B1}.AppStore|Any CPU.Build.0 = Dev|Any CPU
		{497A2BC7-E94A-44FA-925B-EFE69457C5B1}.AppStore|ARM.ActiveCfg = Dev|Any CPU
		{497A2BC7-E94A-44FA-925B-EFE69457C5B1}.AppStore|iPhone.ActiveCfg = Dev|Any CPU
		{497A2BC7-E94A-44FA-925B-EFE69457C5B1}.AppStore|iPhoneSimulator.ActiveCfg = Dev|Any CPU
		{497A2BC7-E94A-44FA-925B-EFE69457C5B1}.AppStore|Mixed Platforms.ActiveCfg = Dev|Any CPU
		{497A2BC7-E94A-44FA-925B-EFE69457C5B1}.AppStore|Mixed Platforms.Build.0 = Dev|Any CPU
		{497A2BC7-E94A-44FA-925B-EFE69457C5B1}.AppStore|x86.ActiveCfg = Dev|Any CPU
		{497A2BC7-E94A-44FA-925B-EFE69457C5B1}.Dev|Any CPU.ActiveCfg = Dev|Any CPU
		{497A2BC7-E94A-44FA-925B-EFE69457C5B1}.Dev|Any CPU.Build.0 = Dev|Any CPU
		{497A2BC7-E94A-44FA-925B-EFE69457C5B1}.Dev|ARM.ActiveCfg = Dev|Any CPU
		{497A2BC7-E94A-44FA-925B-EFE69457C5B1}.Dev|iPhone.ActiveCfg = Dev|Any CPU
		{497A2BC7-E94A-44FA-925B-EFE69457C5B1}.Dev|iPhoneSimulator.ActiveCfg = Dev|Any CPU
		{497A2BC7-E94A-44FA-925B-EFE69457C5B1}.Dev|Mixed Platforms.ActiveCfg = Dev|Any CPU
		{497A2BC7-E94A-44FA-925B-EFE69457C5B1}.Dev|Mixed Platforms.Build.0 = Dev|Any CPU
		{497A2BC7-E94A-44FA-925B-EFE69457C5B1}.Dev|x86.ActiveCfg = Dev|Any CPU
		{497A2BC7-E94A-44FA-925B-EFE69457C5B1}.Release|Any CPU.ActiveCfg = Release|Any CPU
		{497A2BC7-E94A-44FA-925B-EFE69457C5B1}.Release|Any CPU.Build.0 = Release|Any CPU
		{497A2BC7-E94A-44FA-925B-EFE69457C5B1}.Release|ARM.ActiveCfg = Release|Any CPU
		{497A2BC7-E94A-44FA-925B-EFE69457C5B1}.Release|iPhone.ActiveCfg = Release|Any CPU
		{497A2BC7-E94A-44FA-925B-EFE69457C5B1}.Release|iPhoneSimulator.ActiveCfg = Release|Any CPU
		{497A2BC7-E94A-44FA-925B-EFE69457C5B1}.Release|Mixed Platforms.ActiveCfg = Release|Any CPU
		{497A2BC7-E94A-44FA-925B-EFE69457C5B1}.Release|Mixed Platforms.Build.0 = Release|Any CPU
		{497A2BC7-E94A-44FA-925B-EFE69457C5B1}.Release|x86.ActiveCfg = Release|Any CPU
		{E332015C-24B5-48FA-9ED4-12F5310FCE7C}.Ad-Hoc|Any CPU.ActiveCfg = Dev|Any CPU
		{E332015C-24B5-48FA-9ED4-12F5310FCE7C}.Ad-Hoc|Any CPU.Build.0 = Dev|Any CPU
		{E332015C-24B5-48FA-9ED4-12F5310FCE7C}.Ad-Hoc|ARM.ActiveCfg = Dev|Any CPU
		{E332015C-24B5-48FA-9ED4-12F5310FCE7C}.Ad-Hoc|iPhone.ActiveCfg = Dev|Any CPU
		{E332015C-24B5-48FA-9ED4-12F5310FCE7C}.Ad-Hoc|iPhoneSimulator.ActiveCfg = Dev|Any CPU
		{E332015C-24B5-48FA-9ED4-12F5310FCE7C}.Ad-Hoc|Mixed Platforms.ActiveCfg = Dev|Any CPU
		{E332015C-24B5-48FA-9ED4-12F5310FCE7C}.Ad-Hoc|Mixed Platforms.Build.0 = Dev|Any CPU
		{E332015C-24B5-48FA-9ED4-12F5310FCE7C}.Ad-Hoc|x86.ActiveCfg = Dev|Any CPU
		{E332015C-24B5-48FA-9ED4-12F5310FCE7C}.AppStore|Any CPU.ActiveCfg = Dev|Any CPU
		{E332015C-24B5-48FA-9ED4-12F5310FCE7C}.AppStore|Any CPU.Build.0 = Dev|Any CPU
		{E332015C-24B5-48FA-9ED4-12F5310FCE7C}.AppStore|ARM.ActiveCfg = Dev|Any CPU
		{E332015C-24B5-48FA-9ED4-12F5310FCE7C}.AppStore|iPhone.ActiveCfg = Dev|Any CPU
		{E332015C-24B5-48FA-9ED4-12F5310FCE7C}.AppStore|iPhoneSimulator.ActiveCfg = Dev|Any CPU
		{E332015C-24B5-48FA-9ED4-12F5310FCE7C}.AppStore|Mixed Platforms.ActiveCfg = Dev|Any CPU
		{E332015C-24B5-48FA-9ED4-12F5310FCE7C}.AppStore|Mixed Platforms.Build.0 = Dev|Any CPU
		{E332015C-24B5-48FA-9ED4-12F5310FCE7C}.AppStore|x86.ActiveCfg = Dev|Any CPU
		{E332015C-24B5-48FA-9ED4-12F5310FCE7C}.Dev|Any CPU.ActiveCfg = Dev|Any CPU
		{E332015C-24B5-48FA-9ED4-12F5310FCE7C}.Dev|Any CPU.Build.0 = Dev|Any CPU
		{E332015C-24B5-48FA-9ED4-12F5310FCE7C}.Dev|ARM.ActiveCfg = Dev|Any CPU
		{E332015C-24B5-48FA-9ED4-12F5310FCE7C}.Dev|iPhone.ActiveCfg = Dev|Any CPU
		{E332015C-24B5-48FA-9ED4-12F5310FCE7C}.Dev|iPhoneSimulator.ActiveCfg = Dev|Any CPU
		{E332015C-24B5-48FA-9ED4-12F5310FCE7C}.Dev|Mixed Platforms.ActiveCfg = Dev|Any CPU
		{E332015C-24B5-48FA-9ED4-12F5310FCE7C}.Dev|Mixed Platforms.Build.0 = Dev|Any CPU
		{E332015C-24B5-48FA-9ED4-12F5310FCE7C}.Dev|x86.ActiveCfg = Dev|Any CPU
		{E332015C-24B5-48FA-9ED4-12F5310FCE7C}.Release|Any CPU.ActiveCfg = Release|Any CPU
		{E332015C-24B5-48FA-9ED4-12F5310FCE7C}.Release|Any CPU.Build.0 = Release|Any CPU
		{E332015C-24B5-48FA-9ED4-12F5310FCE7C}.Release|ARM.ActiveCfg = Release|Any CPU
		{E332015C-24B5-48FA-9ED4-12F5310FCE7C}.Release|iPhone.ActiveCfg = Release|Any CPU
		{E332015C-24B5-48FA-9ED4-12F5310FCE7C}.Release|iPhoneSimulator.ActiveCfg = Release|Any CPU
		{E332015C-24B5-48FA-9ED4-12F5310FCE7C}.Release|Mixed Platforms.ActiveCfg = Release|Any CPU
		{E332015C-24B5-48FA-9ED4-12F5310FCE7C}.Release|Mixed Platforms.Build.0 = Release|Any CPU
		{E332015C-24B5-48FA-9ED4-12F5310FCE7C}.Release|x86.ActiveCfg = Release|Any CPU
		{E7D70C50-D915-476F-9B4B-147EF0E7F5C2}.Ad-Hoc|Any CPU.ActiveCfg = Dev|Any CPU
		{E7D70C50-D915-476F-9B4B-147EF0E7F5C2}.Ad-Hoc|Any CPU.Build.0 = Dev|Any CPU
		{E7D70C50-D915-476F-9B4B-147EF0E7F5C2}.Ad-Hoc|ARM.ActiveCfg = Dev|Any CPU
		{E7D70C50-D915-476F-9B4B-147EF0E7F5C2}.Ad-Hoc|iPhone.ActiveCfg = Dev|Any CPU
		{E7D70C50-D915-476F-9B4B-147EF0E7F5C2}.Ad-Hoc|iPhoneSimulator.ActiveCfg = Dev|Any CPU
		{E7D70C50-D915-476F-9B4B-147EF0E7F5C2}.Ad-Hoc|Mixed Platforms.ActiveCfg = Dev|Any CPU
		{E7D70C50-D915-476F-9B4B-147EF0E7F5C2}.Ad-Hoc|Mixed Platforms.Build.0 = Dev|Any CPU
		{E7D70C50-D915-476F-9B4B-147EF0E7F5C2}.Ad-Hoc|x86.ActiveCfg = Dev|Any CPU
		{E7D70C50-D915-476F-9B4B-147EF0E7F5C2}.AppStore|Any CPU.ActiveCfg = Dev|Any CPU
		{E7D70C50-D915-476F-9B4B-147EF0E7F5C2}.AppStore|Any CPU.Build.0 = Dev|Any CPU
		{E7D70C50-D915-476F-9B4B-147EF0E7F5C2}.AppStore|ARM.ActiveCfg = Dev|Any CPU
		{E7D70C50-D915-476F-9B4B-147EF0E7F5C2}.AppStore|iPhone.ActiveCfg = Dev|Any CPU
		{E7D70C50-D915-476F-9B4B-147EF0E7F5C2}.AppStore|iPhoneSimulator.ActiveCfg = Dev|Any CPU
		{E7D70C50-D915-476F-9B4B-147EF0E7F5C2}.AppStore|Mixed Platforms.ActiveCfg = Dev|Any CPU
		{E7D70C50-D915-476F-9B4B-147EF0E7F5C2}.AppStore|Mixed Platforms.Build.0 = Dev|Any CPU
		{E7D70C50-D915-476F-9B4B-147EF0E7F5C2}.AppStore|x86.ActiveCfg = Dev|Any CPU
		{E7D70C50-D915-476F-9B4B-147EF0E7F5C2}.Dev|Any CPU.ActiveCfg = Dev|Any CPU
		{E7D70C50-D915-476F-9B4B-147EF0E7F5C2}.Dev|Any CPU.Build.0 = Dev|Any CPU
		{E7D70C50-D915-476F-9B4B-147EF0E7F5C2}.Dev|ARM.ActiveCfg = Dev|Any CPU
		{E7D70C50-D915-476F-9B4B-147EF0E7F5C2}.Dev|iPhone.ActiveCfg = Dev|Any CPU
		{E7D70C50-D915-476F-9B4B-147EF0E7F5C2}.Dev|iPhoneSimulator.ActiveCfg = Dev|Any CPU
		{E7D70C50-D915-476F-9B4B-147EF0E7F5C2}.Dev|Mixed Platforms.ActiveCfg = Dev|Any CPU
		{E7D70C50-D915-476F-9B4B-147EF0E7F5C2}.Dev|Mixed Platforms.Build.0 = Dev|Any CPU
		{E7D70C50-D915-476F-9B4B-147EF0E7F5C2}.Dev|x86.ActiveCfg = Dev|Any CPU
		{E7D70C50-D915-476F-9B4B-147EF0E7F5C2}.Release|Any CPU.ActiveCfg = Release|Any CPU
		{E7D70C50-D915-476F-9B4B-147EF0E7F5C2}.Release|Any CPU.Build.0 = Release|Any CPU
		{E7D70C50-D915-476F-9B4B-147EF0E7F5C2}.Release|ARM.ActiveCfg = Release|Any CPU
		{E7D70C50-D915-476F-9B4B-147EF0E7F5C2}.Release|iPhone.ActiveCfg = Release|Any CPU
		{E7D70C50-D915-476F-9B4B-147EF0E7F5C2}.Release|iPhoneSimulator.ActiveCfg = Release|Any CPU
		{E7D70C50-D915-476F-9B4B-147EF0E7F5C2}.Release|Mixed Platforms.ActiveCfg = Release|Any CPU
		{E7D70C50-D915-476F-9B4B-147EF0E7F5C2}.Release|Mixed Platforms.Build.0 = Release|Any CPU
		{E7D70C50-D915-476F-9B4B-147EF0E7F5C2}.Release|x86.ActiveCfg = Release|Any CPU
		{D06A9965-32DF-44CA-80A0-0B6E42A8A22B}.Ad-Hoc|Any CPU.ActiveCfg = Dev|Any CPU
		{D06A9965-32DF-44CA-80A0-0B6E42A8A22B}.Ad-Hoc|Any CPU.Build.0 = Dev|Any CPU
		{D06A9965-32DF-44CA-80A0-0B6E42A8A22B}.Ad-Hoc|ARM.ActiveCfg = Dev|Any CPU
		{D06A9965-32DF-44CA-80A0-0B6E42A8A22B}.Ad-Hoc|iPhone.ActiveCfg = Dev|Any CPU
		{D06A9965-32DF-44CA-80A0-0B6E42A8A22B}.Ad-Hoc|iPhoneSimulator.ActiveCfg = Dev|Any CPU
		{D06A9965-32DF-44CA-80A0-0B6E42A8A22B}.Ad-Hoc|Mixed Platforms.ActiveCfg = Dev|Any CPU
		{D06A9965-32DF-44CA-80A0-0B6E42A8A22B}.Ad-Hoc|Mixed Platforms.Build.0 = Dev|Any CPU
		{D06A9965-32DF-44CA-80A0-0B6E42A8A22B}.Ad-Hoc|x86.ActiveCfg = Dev|Any CPU
		{D06A9965-32DF-44CA-80A0-0B6E42A8A22B}.AppStore|Any CPU.ActiveCfg = Dev|Any CPU
		{D06A9965-32DF-44CA-80A0-0B6E42A8A22B}.AppStore|Any CPU.Build.0 = Dev|Any CPU
		{D06A9965-32DF-44CA-80A0-0B6E42A8A22B}.AppStore|ARM.ActiveCfg = Dev|Any CPU
		{D06A9965-32DF-44CA-80A0-0B6E42A8A22B}.AppStore|iPhone.ActiveCfg = Dev|Any CPU
		{D06A9965-32DF-44CA-80A0-0B6E42A8A22B}.AppStore|iPhoneSimulator.ActiveCfg = Dev|Any CPU
		{D06A9965-32DF-44CA-80A0-0B6E42A8A22B}.AppStore|Mixed Platforms.ActiveCfg = Dev|Any CPU
		{D06A9965-32DF-44CA-80A0-0B6E42A8A22B}.AppStore|Mixed Platforms.Build.0 = Dev|Any CPU
		{D06A9965-32DF-44CA-80A0-0B6E42A8A22B}.AppStore|x86.ActiveCfg = Dev|Any CPU
		{D06A9965-32DF-44CA-80A0-0B6E42A8A22B}.Dev|Any CPU.ActiveCfg = Dev|Any CPU
		{D06A9965-32DF-44CA-80A0-0B6E42A8A22B}.Dev|Any CPU.Build.0 = Dev|Any CPU
		{D06A9965-32DF-44CA-80A0-0B6E42A8A22B}.Dev|ARM.ActiveCfg = Dev|Any CPU
		{D06A9965-32DF-44CA-80A0-0B6E42A8A22B}.Dev|iPhone.ActiveCfg = Dev|Any CPU
		{D06A9965-32DF-44CA-80A0-0B6E42A8A22B}.Dev|iPhoneSimulator.ActiveCfg = Dev|Any CPU
		{D06A9965-32DF-44CA-80A0-0B6E42A8A22B}.Dev|Mixed Platforms.ActiveCfg = Dev|Any CPU
		{D06A9965-32DF-44CA-80A0-0B6E42A8A22B}.Dev|Mixed Platforms.Build.0 = Dev|Any CPU
		{D06A9965-32DF-44CA-80A0-0B6E42A8A22B}.Dev|x86.ActiveCfg = Dev|Any CPU
		{D06A9965-32DF-44CA-80A0-0B6E42A8A22B}.Release|Any CPU.ActiveCfg = Release|Any CPU
		{D06A9965-32DF-44CA-80A0-0B6E42A8A22B}.Release|ARM.ActiveCfg = Release|Any CPU
		{D06A9965-32DF-44CA-80A0-0B6E42A8A22B}.Release|iPhone.ActiveCfg = Release|Any CPU
		{D06A9965-32DF-44CA-80A0-0B6E42A8A22B}.Release|iPhoneSimulator.ActiveCfg = Release|Any CPU
		{D06A9965-32DF-44CA-80A0-0B6E42A8A22B}.Release|Mixed Platforms.ActiveCfg = Release|Any CPU
		{D06A9965-32DF-44CA-80A0-0B6E42A8A22B}.Release|Mixed Platforms.Build.0 = Release|Any CPU
		{D06A9965-32DF-44CA-80A0-0B6E42A8A22B}.Release|x86.ActiveCfg = Release|Any CPU
		{DB89763E-B984-4D46-A08C-3469EA0653D8}.Ad-Hoc|Any CPU.ActiveCfg = Dev|Any CPU
		{DB89763E-B984-4D46-A08C-3469EA0653D8}.Ad-Hoc|Any CPU.Build.0 = Dev|Any CPU
		{DB89763E-B984-4D46-A08C-3469EA0653D8}.Ad-Hoc|ARM.ActiveCfg = Dev|Any CPU
		{DB89763E-B984-4D46-A08C-3469EA0653D8}.Ad-Hoc|iPhone.ActiveCfg = Dev|Any CPU
		{DB89763E-B984-4D46-A08C-3469EA0653D8}.Ad-Hoc|iPhoneSimulator.ActiveCfg = Dev|Any CPU
		{DB89763E-B984-4D46-A08C-3469EA0653D8}.Ad-Hoc|Mixed Platforms.ActiveCfg = Dev|Any CPU
		{DB89763E-B984-4D46-A08C-3469EA0653D8}.Ad-Hoc|Mixed Platforms.Build.0 = Dev|Any CPU
		{DB89763E-B984-4D46-A08C-3469EA0653D8}.Ad-Hoc|x86.ActiveCfg = Dev|Any CPU
		{DB89763E-B984-4D46-A08C-3469EA0653D8}.AppStore|Any CPU.ActiveCfg = Dev|Any CPU
		{DB89763E-B984-4D46-A08C-3469EA0653D8}.AppStore|Any CPU.Build.0 = Dev|Any CPU
		{DB89763E-B984-4D46-A08C-3469EA0653D8}.AppStore|ARM.ActiveCfg = Dev|Any CPU
		{DB89763E-B984-4D46-A08C-3469EA0653D8}.AppStore|iPhone.ActiveCfg = Dev|Any CPU
		{DB89763E-B984-4D46-A08C-3469EA0653D8}.AppStore|iPhoneSimulator.ActiveCfg = Dev|Any CPU
		{DB89763E-B984-4D46-A08C-3469EA0653D8}.AppStore|Mixed Platforms.ActiveCfg = Dev|Any CPU
		{DB89763E-B984-4D46-A08C-3469EA0653D8}.AppStore|Mixed Platforms.Build.0 = Dev|Any CPU
		{DB89763E-B984-4D46-A08C-3469EA0653D8}.AppStore|x86.ActiveCfg = Dev|Any CPU
		{DB89763E-B984-4D46-A08C-3469EA0653D8}.Dev|Any CPU.ActiveCfg = Dev|Any CPU
		{DB89763E-B984-4D46-A08C-3469EA0653D8}.Dev|Any CPU.Build.0 = Dev|Any CPU
		{DB89763E-B984-4D46-A08C-3469EA0653D8}.Dev|ARM.ActiveCfg = Dev|Any CPU
		{DB89763E-B984-4D46-A08C-3469EA0653D8}.Dev|iPhone.ActiveCfg = Dev|Any CPU
		{DB89763E-B984-4D46-A08C-3469EA0653D8}.Dev|iPhoneSimulator.ActiveCfg = Dev|Any CPU
		{DB89763E-B984-4D46-A08C-3469EA0653D8}.Dev|Mixed Platforms.ActiveCfg = Dev|Any CPU
		{DB89763E-B984-4D46-A08C-3469EA0653D8}.Dev|Mixed Platforms.Build.0 = Dev|Any CPU
		{DB89763E-B984-4D46-A08C-3469EA0653D8}.Dev|x86.ActiveCfg = Dev|Any CPU
		{DB89763E-B984-4D46-A08C-3469EA0653D8}.Release|Any CPU.ActiveCfg = Release|Any CPU
		{DB89763E-B984-4D46-A08C-3469EA0653D8}.Release|Any CPU.Build.0 = Release|Any CPU
		{DB89763E-B984-4D46-A08C-3469EA0653D8}.Release|ARM.ActiveCfg = Release|Any CPU
		{DB89763E-B984-4D46-A08C-3469EA0653D8}.Release|iPhone.ActiveCfg = Release|Any CPU
		{DB89763E-B984-4D46-A08C-3469EA0653D8}.Release|iPhoneSimulator.ActiveCfg = Release|Any CPU
		{DB89763E-B984-4D46-A08C-3469EA0653D8}.Release|Mixed Platforms.ActiveCfg = Release|Any CPU
		{DB89763E-B984-4D46-A08C-3469EA0653D8}.Release|Mixed Platforms.Build.0 = Release|Any CPU
		{DB89763E-B984-4D46-A08C-3469EA0653D8}.Release|x86.ActiveCfg = Release|Any CPU
		{E4E60713-D7ED-49BC-A2F5-7488817B25DC}.Ad-Hoc|Any CPU.ActiveCfg = Dev|Any CPU
		{E4E60713-D7ED-49BC-A2F5-7488817B25DC}.Ad-Hoc|Any CPU.Build.0 = Dev|Any CPU
		{E4E60713-D7ED-49BC-A2F5-7488817B25DC}.Ad-Hoc|ARM.ActiveCfg = Dev|Any CPU
		{E4E60713-D7ED-49BC-A2F5-7488817B25DC}.Ad-Hoc|iPhone.ActiveCfg = Dev|Any CPU
		{E4E60713-D7ED-49BC-A2F5-7488817B25DC}.Ad-Hoc|iPhoneSimulator.ActiveCfg = Dev|Any CPU
		{E4E60713-D7ED-49BC-A2F5-7488817B25DC}.Ad-Hoc|Mixed Platforms.ActiveCfg = Dev|Any CPU
		{E4E60713-D7ED-49BC-A2F5-7488817B25DC}.Ad-Hoc|Mixed Platforms.Build.0 = Dev|Any CPU
		{E4E60713-D7ED-49BC-A2F5-7488817B25DC}.Ad-Hoc|x86.ActiveCfg = Dev|Any CPU
		{E4E60713-D7ED-49BC-A2F5-7488817B25DC}.AppStore|Any CPU.ActiveCfg = Dev|Any CPU
		{E4E60713-D7ED-49BC-A2F5-7488817B25DC}.AppStore|Any CPU.Build.0 = Dev|Any CPU
		{E4E60713-D7ED-49BC-A2F5-7488817B25DC}.AppStore|ARM.ActiveCfg = Dev|Any CPU
		{E4E60713-D7ED-49BC-A2F5-7488817B25DC}.AppStore|iPhone.ActiveCfg = Dev|Any CPU
		{E4E60713-D7ED-49BC-A2F5-7488817B25DC}.AppStore|iPhoneSimulator.ActiveCfg = Dev|Any CPU
		{E4E60713-D7ED-49BC-A2F5-7488817B25DC}.AppStore|Mixed Platforms.ActiveCfg = Dev|Any CPU
		{E4E60713-D7ED-49BC-A2F5-7488817B25DC}.AppStore|Mixed Platforms.Build.0 = Dev|Any CPU
		{E4E60713-D7ED-49BC-A2F5-7488817B25DC}.AppStore|x86.ActiveCfg = Dev|Any CPU
		{E4E60713-D7ED-49BC-A2F5-7488817B25DC}.Dev|Any CPU.ActiveCfg = Dev|Any CPU
		{E4E60713-D7ED-49BC-A2F5-7488817B25DC}.Dev|Any CPU.Build.0 = Dev|Any CPU
		{E4E60713-D7ED-49BC-A2F5-7488817B25DC}.Dev|ARM.ActiveCfg = Dev|Any CPU
		{E4E60713-D7ED-49BC-A2F5-7488817B25DC}.Dev|iPhone.ActiveCfg = Dev|Any CPU
		{E4E60713-D7ED-49BC-A2F5-7488817B25DC}.Dev|iPhoneSimulator.ActiveCfg = Dev|Any CPU
		{E4E60713-D7ED-49BC-A2F5-7488817B25DC}.Dev|Mixed Platforms.ActiveCfg = Dev|Any CPU
		{E4E60713-D7ED-49BC-A2F5-7488817B25DC}.Dev|Mixed Platforms.Build.0 = Dev|Any CPU
		{E4E60713-D7ED-49BC-A2F5-7488817B25DC}.Dev|x86.ActiveCfg = Dev|Any CPU
		{E4E60713-D7ED-49BC-A2F5-7488817B25DC}.Release|Any CPU.ActiveCfg = Release|Any CPU
		{E4E60713-D7ED-49BC-A2F5-7488817B25DC}.Release|Any CPU.Build.0 = Release|Any CPU
		{E4E60713-D7ED-49BC-A2F5-7488817B25DC}.Release|ARM.ActiveCfg = Release|Any CPU
		{E4E60713-D7ED-49BC-A2F5-7488817B25DC}.Release|iPhone.ActiveCfg = Release|Any CPU
		{E4E60713-D7ED-49BC-A2F5-7488817B25DC}.Release|iPhoneSimulator.ActiveCfg = Release|Any CPU
		{E4E60713-D7ED-49BC-A2F5-7488817B25DC}.Release|Mixed Platforms.ActiveCfg = Release|Any CPU
		{E4E60713-D7ED-49BC-A2F5-7488817B25DC}.Release|Mixed Platforms.Build.0 = Release|Any CPU
		{E4E60713-D7ED-49BC-A2F5-7488817B25DC}.Release|x86.ActiveCfg = Release|Any CPU
		{A9A93F56-ED7A-4F65-B50F-7D6148432F68}.Ad-Hoc|Any CPU.ActiveCfg = Release|Any CPU
		{A9A93F56-ED7A-4F65-B50F-7D6148432F68}.Ad-Hoc|Any CPU.Build.0 = Release|Any CPU
		{A9A93F56-ED7A-4F65-B50F-7D6148432F68}.Ad-Hoc|ARM.ActiveCfg = Release|Any CPU
		{A9A93F56-ED7A-4F65-B50F-7D6148432F68}.Ad-Hoc|iPhone.ActiveCfg = Release|Any CPU
		{A9A93F56-ED7A-4F65-B50F-7D6148432F68}.Ad-Hoc|iPhoneSimulator.ActiveCfg = Release|Any CPU
		{A9A93F56-ED7A-4F65-B50F-7D6148432F68}.Ad-Hoc|Mixed Platforms.ActiveCfg = Release|Any CPU
		{A9A93F56-ED7A-4F65-B50F-7D6148432F68}.Ad-Hoc|Mixed Platforms.Build.0 = Release|Any CPU
		{A9A93F56-ED7A-4F65-B50F-7D6148432F68}.Ad-Hoc|x86.ActiveCfg = Release|Any CPU
		{A9A93F56-ED7A-4F65-B50F-7D6148432F68}.AppStore|Any CPU.ActiveCfg = Release|Any CPU
		{A9A93F56-ED7A-4F65-B50F-7D6148432F68}.AppStore|Any CPU.Build.0 = Release|Any CPU
		{A9A93F56-ED7A-4F65-B50F-7D6148432F68}.AppStore|ARM.ActiveCfg = Release|Any CPU
		{A9A93F56-ED7A-4F65-B50F-7D6148432F68}.AppStore|iPhone.ActiveCfg = Release|Any CPU
		{A9A93F56-ED7A-4F65-B50F-7D6148432F68}.AppStore|iPhoneSimulator.ActiveCfg = Release|Any CPU
		{A9A93F56-ED7A-4F65-B50F-7D6148432F68}.AppStore|Mixed Platforms.ActiveCfg = Release|Any CPU
		{A9A93F56-ED7A-4F65-B50F-7D6148432F68}.AppStore|Mixed Platforms.Build.0 = Release|Any CPU
		{A9A93F56-ED7A-4F65-B50F-7D6148432F68}.AppStore|x86.ActiveCfg = Release|Any CPU
		{A9A93F56-ED7A-4F65-B50F-7D6148432F68}.Dev|Any CPU.ActiveCfg = Dev|Any CPU
		{A9A93F56-ED7A-4F65-B50F-7D6148432F68}.Dev|Any CPU.Build.0 = Dev|Any CPU
		{A9A93F56-ED7A-4F65-B50F-7D6148432F68}.Dev|ARM.ActiveCfg = Dev|Any CPU
		{A9A93F56-ED7A-4F65-B50F-7D6148432F68}.Dev|iPhone.ActiveCfg = Dev|Any CPU
		{A9A93F56-ED7A-4F65-B50F-7D6148432F68}.Dev|iPhoneSimulator.ActiveCfg = Dev|Any CPU
		{A9A93F56-ED7A-4F65-B50F-7D6148432F68}.Dev|Mixed Platforms.ActiveCfg = Dev|Any CPU
		{A9A93F56-ED7A-4F65-B50F-7D6148432F68}.Dev|Mixed Platforms.Build.0 = Dev|Any CPU
		{A9A93F56-ED7A-4F65-B50F-7D6148432F68}.Dev|x86.ActiveCfg = Dev|Any CPU
		{A9A93F56-ED7A-4F65-B50F-7D6148432F68}.Release|Any CPU.ActiveCfg = Release|Any CPU
		{A9A93F56-ED7A-4F65-B50F-7D6148432F68}.Release|Any CPU.Build.0 = Release|Any CPU
		{A9A93F56-ED7A-4F65-B50F-7D6148432F68}.Release|ARM.ActiveCfg = Release|Any CPU
		{A9A93F56-ED7A-4F65-B50F-7D6148432F68}.Release|iPhone.ActiveCfg = Release|Any CPU
		{A9A93F56-ED7A-4F65-B50F-7D6148432F68}.Release|iPhoneSimulator.ActiveCfg = Release|Any CPU
		{A9A93F56-ED7A-4F65-B50F-7D6148432F68}.Release|Mixed Platforms.ActiveCfg = Release|Any CPU
		{A9A93F56-ED7A-4F65-B50F-7D6148432F68}.Release|Mixed Platforms.Build.0 = Release|Any CPU
		{A9A93F56-ED7A-4F65-B50F-7D6148432F68}.Release|x86.ActiveCfg = Release|Any CPU
		{388529FC-670B-4AFB-89C7-1E47543A3B5A}.Ad-Hoc|Any CPU.ActiveCfg = Ad-Hoc|iPhone
		{388529FC-670B-4AFB-89C7-1E47543A3B5A}.Ad-Hoc|ARM.ActiveCfg = Ad-Hoc|iPhone
		{388529FC-670B-4AFB-89C7-1E47543A3B5A}.Ad-Hoc|iPhone.ActiveCfg = Ad-Hoc|iPhone
		{388529FC-670B-4AFB-89C7-1E47543A3B5A}.Ad-Hoc|iPhone.Build.0 = Ad-Hoc|iPhone
		{388529FC-670B-4AFB-89C7-1E47543A3B5A}.Ad-Hoc|iPhoneSimulator.ActiveCfg = Ad-Hoc|iPhoneSimulator
		{388529FC-670B-4AFB-89C7-1E47543A3B5A}.Ad-Hoc|iPhoneSimulator.Build.0 = Ad-Hoc|iPhoneSimulator
		{388529FC-670B-4AFB-89C7-1E47543A3B5A}.Ad-Hoc|Mixed Platforms.ActiveCfg = Ad-Hoc|iPhone
		{388529FC-670B-4AFB-89C7-1E47543A3B5A}.Ad-Hoc|Mixed Platforms.Build.0 = Ad-Hoc|iPhone
		{388529FC-670B-4AFB-89C7-1E47543A3B5A}.Ad-Hoc|x86.ActiveCfg = Ad-Hoc|iPhone
		{388529FC-670B-4AFB-89C7-1E47543A3B5A}.AppStore|Any CPU.ActiveCfg = AppStore|iPhone
		{388529FC-670B-4AFB-89C7-1E47543A3B5A}.AppStore|ARM.ActiveCfg = AppStore|iPhone
		{388529FC-670B-4AFB-89C7-1E47543A3B5A}.AppStore|iPhone.ActiveCfg = AppStore|iPhone
		{388529FC-670B-4AFB-89C7-1E47543A3B5A}.AppStore|iPhone.Build.0 = AppStore|iPhone
		{388529FC-670B-4AFB-89C7-1E47543A3B5A}.AppStore|iPhoneSimulator.ActiveCfg = AppStore|iPhoneSimulator
		{388529FC-670B-4AFB-89C7-1E47543A3B5A}.AppStore|iPhoneSimulator.Build.0 = AppStore|iPhoneSimulator
		{388529FC-670B-4AFB-89C7-1E47543A3B5A}.AppStore|Mixed Platforms.ActiveCfg = AppStore|iPhone
		{388529FC-670B-4AFB-89C7-1E47543A3B5A}.AppStore|Mixed Platforms.Build.0 = AppStore|iPhone
		{388529FC-670B-4AFB-89C7-1E47543A3B5A}.AppStore|x86.ActiveCfg = AppStore|iPhone
		{388529FC-670B-4AFB-89C7-1E47543A3B5A}.Dev|Any CPU.ActiveCfg = Dev|iPhone
		{388529FC-670B-4AFB-89C7-1E47543A3B5A}.Dev|ARM.ActiveCfg = Dev|iPhone
		{388529FC-670B-4AFB-89C7-1E47543A3B5A}.Dev|iPhone.ActiveCfg = Dev|iPhone
		{388529FC-670B-4AFB-89C7-1E47543A3B5A}.Dev|iPhone.Build.0 = Dev|iPhone
		{388529FC-670B-4AFB-89C7-1E47543A3B5A}.Dev|iPhoneSimulator.ActiveCfg = Dev|iPhoneSimulator
		{388529FC-670B-4AFB-89C7-1E47543A3B5A}.Dev|iPhoneSimulator.Build.0 = Dev|iPhoneSimulator
		{388529FC-670B-4AFB-89C7-1E47543A3B5A}.Dev|Mixed Platforms.ActiveCfg = Dev|iPhone
		{388529FC-670B-4AFB-89C7-1E47543A3B5A}.Dev|Mixed Platforms.Build.0 = Dev|iPhone
		{388529FC-670B-4AFB-89C7-1E47543A3B5A}.Dev|x86.ActiveCfg = Dev|iPhone
		{388529FC-670B-4AFB-89C7-1E47543A3B5A}.Release|Any CPU.ActiveCfg = Release|iPhone
		{388529FC-670B-4AFB-89C7-1E47543A3B5A}.Release|ARM.ActiveCfg = Release|iPhone
		{388529FC-670B-4AFB-89C7-1E47543A3B5A}.Release|iPhone.ActiveCfg = Release|iPhone
		{388529FC-670B-4AFB-89C7-1E47543A3B5A}.Release|iPhone.Build.0 = Release|iPhone
		{388529FC-670B-4AFB-89C7-1E47543A3B5A}.Release|iPhoneSimulator.ActiveCfg = Release|iPhoneSimulator
		{388529FC-670B-4AFB-89C7-1E47543A3B5A}.Release|iPhoneSimulator.Build.0 = Release|iPhoneSimulator
		{388529FC-670B-4AFB-89C7-1E47543A3B5A}.Release|Mixed Platforms.ActiveCfg = Release|iPhone
		{388529FC-670B-4AFB-89C7-1E47543A3B5A}.Release|Mixed Platforms.Build.0 = Release|iPhone
		{388529FC-670B-4AFB-89C7-1E47543A3B5A}.Release|x86.ActiveCfg = Release|iPhone
		{35F4E3D7-61C1-44C3-93A7-536E1C64255A}.Ad-Hoc|Any CPU.ActiveCfg = Release|Any CPU
		{35F4E3D7-61C1-44C3-93A7-536E1C64255A}.Ad-Hoc|Any CPU.Build.0 = Release|Any CPU
		{35F4E3D7-61C1-44C3-93A7-536E1C64255A}.Ad-Hoc|Any CPU.Deploy.0 = Release|Any CPU
		{35F4E3D7-61C1-44C3-93A7-536E1C64255A}.Ad-Hoc|ARM.ActiveCfg = Release|Any CPU
		{35F4E3D7-61C1-44C3-93A7-536E1C64255A}.Ad-Hoc|iPhone.ActiveCfg = Release|Any CPU
		{35F4E3D7-61C1-44C3-93A7-536E1C64255A}.Ad-Hoc|iPhoneSimulator.ActiveCfg = Release|Any CPU
		{35F4E3D7-61C1-44C3-93A7-536E1C64255A}.Ad-Hoc|Mixed Platforms.ActiveCfg = Release|Any CPU
		{35F4E3D7-61C1-44C3-93A7-536E1C64255A}.Ad-Hoc|Mixed Platforms.Build.0 = Release|Any CPU
		{35F4E3D7-61C1-44C3-93A7-536E1C64255A}.Ad-Hoc|Mixed Platforms.Deploy.0 = Release|Any CPU
		{35F4E3D7-61C1-44C3-93A7-536E1C64255A}.Ad-Hoc|x86.ActiveCfg = Release|Any CPU
		{35F4E3D7-61C1-44C3-93A7-536E1C64255A}.AppStore|Any CPU.ActiveCfg = Release|Any CPU
		{35F4E3D7-61C1-44C3-93A7-536E1C64255A}.AppStore|Any CPU.Build.0 = Release|Any CPU
		{35F4E3D7-61C1-44C3-93A7-536E1C64255A}.AppStore|Any CPU.Deploy.0 = Release|Any CPU
		{35F4E3D7-61C1-44C3-93A7-536E1C64255A}.AppStore|ARM.ActiveCfg = Release|Any CPU
		{35F4E3D7-61C1-44C3-93A7-536E1C64255A}.AppStore|iPhone.ActiveCfg = Release|Any CPU
		{35F4E3D7-61C1-44C3-93A7-536E1C64255A}.AppStore|iPhoneSimulator.ActiveCfg = Release|Any CPU
		{35F4E3D7-61C1-44C3-93A7-536E1C64255A}.AppStore|Mixed Platforms.ActiveCfg = Release|Any CPU
		{35F4E3D7-61C1-44C3-93A7-536E1C64255A}.AppStore|Mixed Platforms.Build.0 = Release|Any CPU
		{35F4E3D7-61C1-44C3-93A7-536E1C64255A}.AppStore|Mixed Platforms.Deploy.0 = Release|Any CPU
		{35F4E3D7-61C1-44C3-93A7-536E1C64255A}.AppStore|x86.ActiveCfg = Release|Any CPU
		{35F4E3D7-61C1-44C3-93A7-536E1C64255A}.Dev|Any CPU.ActiveCfg = Dev|Any CPU
		{35F4E3D7-61C1-44C3-93A7-536E1C64255A}.Dev|Any CPU.Build.0 = Dev|Any CPU
		{35F4E3D7-61C1-44C3-93A7-536E1C64255A}.Dev|Any CPU.Deploy.0 = Dev|Any CPU
		{35F4E3D7-61C1-44C3-93A7-536E1C64255A}.Dev|ARM.ActiveCfg = Dev|Any CPU
		{35F4E3D7-61C1-44C3-93A7-536E1C64255A}.Dev|iPhone.ActiveCfg = Dev|Any CPU
		{35F4E3D7-61C1-44C3-93A7-536E1C64255A}.Dev|iPhoneSimulator.ActiveCfg = Dev|Any CPU
		{35F4E3D7-61C1-44C3-93A7-536E1C64255A}.Dev|Mixed Platforms.ActiveCfg = Dev|Any CPU
		{35F4E3D7-61C1-44C3-93A7-536E1C64255A}.Dev|Mixed Platforms.Build.0 = Dev|Any CPU
		{35F4E3D7-61C1-44C3-93A7-536E1C64255A}.Dev|Mixed Platforms.Deploy.0 = Dev|Any CPU
		{35F4E3D7-61C1-44C3-93A7-536E1C64255A}.Dev|x86.ActiveCfg = Dev|Any CPU
		{35F4E3D7-61C1-44C3-93A7-536E1C64255A}.Release|Any CPU.ActiveCfg = Release|Any CPU
		{35F4E3D7-61C1-44C3-93A7-536E1C64255A}.Release|Any CPU.Build.0 = Release|Any CPU
		{35F4E3D7-61C1-44C3-93A7-536E1C64255A}.Release|Any CPU.Deploy.0 = Release|Any CPU
		{35F4E3D7-61C1-44C3-93A7-536E1C64255A}.Release|ARM.ActiveCfg = Release|Any CPU
		{35F4E3D7-61C1-44C3-93A7-536E1C64255A}.Release|iPhone.ActiveCfg = Release|Any CPU
		{35F4E3D7-61C1-44C3-93A7-536E1C64255A}.Release|iPhoneSimulator.ActiveCfg = Release|Any CPU
		{35F4E3D7-61C1-44C3-93A7-536E1C64255A}.Release|Mixed Platforms.ActiveCfg = Release|Any CPU
		{35F4E3D7-61C1-44C3-93A7-536E1C64255A}.Release|Mixed Platforms.Build.0 = Release|Any CPU
		{35F4E3D7-61C1-44C3-93A7-536E1C64255A}.Release|Mixed Platforms.Deploy.0 = Release|Any CPU
		{35F4E3D7-61C1-44C3-93A7-536E1C64255A}.Release|x86.ActiveCfg = Release|Any CPU
		{40665889-25A2-416A-8888-5400617BAF9C}.Ad-Hoc|Any CPU.ActiveCfg = Release|Any CPU
		{40665889-25A2-416A-8888-5400617BAF9C}.Ad-Hoc|Any CPU.Build.0 = Release|Any CPU
		{40665889-25A2-416A-8888-5400617BAF9C}.Ad-Hoc|Any CPU.Deploy.0 = Release|Any CPU
		{40665889-25A2-416A-8888-5400617BAF9C}.Ad-Hoc|ARM.ActiveCfg = Release|ARM
		{40665889-25A2-416A-8888-5400617BAF9C}.Ad-Hoc|ARM.Build.0 = Release|ARM
		{40665889-25A2-416A-8888-5400617BAF9C}.Ad-Hoc|ARM.Deploy.0 = Release|ARM
		{40665889-25A2-416A-8888-5400617BAF9C}.Ad-Hoc|iPhone.ActiveCfg = Release|Any CPU
		{40665889-25A2-416A-8888-5400617BAF9C}.Ad-Hoc|iPhoneSimulator.ActiveCfg = Release|Any CPU
		{40665889-25A2-416A-8888-5400617BAF9C}.Ad-Hoc|Mixed Platforms.ActiveCfg = Release|x86
		{40665889-25A2-416A-8888-5400617BAF9C}.Ad-Hoc|Mixed Platforms.Build.0 = Release|x86
		{40665889-25A2-416A-8888-5400617BAF9C}.Ad-Hoc|Mixed Platforms.Deploy.0 = Release|x86
		{40665889-25A2-416A-8888-5400617BAF9C}.Ad-Hoc|x86.ActiveCfg = Release|x86
		{40665889-25A2-416A-8888-5400617BAF9C}.Ad-Hoc|x86.Build.0 = Release|x86
		{40665889-25A2-416A-8888-5400617BAF9C}.Ad-Hoc|x86.Deploy.0 = Release|x86
		{40665889-25A2-416A-8888-5400617BAF9C}.AppStore|Any CPU.ActiveCfg = Release|Any CPU
		{40665889-25A2-416A-8888-5400617BAF9C}.AppStore|Any CPU.Build.0 = Release|Any CPU
		{40665889-25A2-416A-8888-5400617BAF9C}.AppStore|Any CPU.Deploy.0 = Release|Any CPU
		{40665889-25A2-416A-8888-5400617BAF9C}.AppStore|ARM.ActiveCfg = Release|ARM
		{40665889-25A2-416A-8888-5400617BAF9C}.AppStore|ARM.Build.0 = Release|ARM
		{40665889-25A2-416A-8888-5400617BAF9C}.AppStore|ARM.Deploy.0 = Release|ARM
		{40665889-25A2-416A-8888-5400617BAF9C}.AppStore|iPhone.ActiveCfg = Release|Any CPU
		{40665889-25A2-416A-8888-5400617BAF9C}.AppStore|iPhoneSimulator.ActiveCfg = Release|Any CPU
		{40665889-25A2-416A-8888-5400617BAF9C}.AppStore|Mixed Platforms.ActiveCfg = Release|x86
		{40665889-25A2-416A-8888-5400617BAF9C}.AppStore|Mixed Platforms.Build.0 = Release|x86
		{40665889-25A2-416A-8888-5400617BAF9C}.AppStore|Mixed Platforms.Deploy.0 = Release|x86
		{40665889-25A2-416A-8888-5400617BAF9C}.AppStore|x86.ActiveCfg = Release|x86
		{40665889-25A2-416A-8888-5400617BAF9C}.AppStore|x86.Build.0 = Release|x86
		{40665889-25A2-416A-8888-5400617BAF9C}.AppStore|x86.Deploy.0 = Release|x86
		{40665889-25A2-416A-8888-5400617BAF9C}.Dev|Any CPU.ActiveCfg = Debug|Any CPU
		{40665889-25A2-416A-8888-5400617BAF9C}.Dev|Any CPU.Build.0 = Debug|Any CPU
		{40665889-25A2-416A-8888-5400617BAF9C}.Dev|Any CPU.Deploy.0 = Debug|Any CPU
		{40665889-25A2-416A-8888-5400617BAF9C}.Dev|ARM.ActiveCfg = Debug|ARM
		{40665889-25A2-416A-8888-5400617BAF9C}.Dev|ARM.Build.0 = Debug|ARM
		{40665889-25A2-416A-8888-5400617BAF9C}.Dev|ARM.Deploy.0 = Debug|ARM
		{40665889-25A2-416A-8888-5400617BAF9C}.Dev|iPhone.ActiveCfg = Debug|Any CPU
		{40665889-25A2-416A-8888-5400617BAF9C}.Dev|iPhoneSimulator.ActiveCfg = Debug|Any CPU
		{40665889-25A2-416A-8888-5400617BAF9C}.Dev|Mixed Platforms.ActiveCfg = Debug|x86
		{40665889-25A2-416A-8888-5400617BAF9C}.Dev|Mixed Platforms.Build.0 = Debug|x86
		{40665889-25A2-416A-8888-5400617BAF9C}.Dev|Mixed Platforms.Deploy.0 = Debug|x86
		{40665889-25A2-416A-8888-5400617BAF9C}.Dev|x86.ActiveCfg = Debug|x86
		{40665889-25A2-416A-8888-5400617BAF9C}.Dev|x86.Build.0 = Debug|x86
		{40665889-25A2-416A-8888-5400617BAF9C}.Dev|x86.Deploy.0 = Debug|x86
		{40665889-25A2-416A-8888-5400617BAF9C}.Release|Any CPU.ActiveCfg = Release|Any CPU
		{40665889-25A2-416A-8888-5400617BAF9C}.Release|Any CPU.Build.0 = Release|Any CPU
		{40665889-25A2-416A-8888-5400617BAF9C}.Release|Any CPU.Deploy.0 = Release|Any CPU
		{40665889-25A2-416A-8888-5400617BAF9C}.Release|ARM.ActiveCfg = Release|ARM
		{40665889-25A2-416A-8888-5400617BAF9C}.Release|ARM.Build.0 = Release|ARM
		{40665889-25A2-416A-8888-5400617BAF9C}.Release|ARM.Deploy.0 = Release|ARM
		{40665889-25A2-416A-8888-5400617BAF9C}.Release|iPhone.ActiveCfg = Release|Any CPU
		{40665889-25A2-416A-8888-5400617BAF9C}.Release|iPhoneSimulator.ActiveCfg = Release|Any CPU
		{40665889-25A2-416A-8888-5400617BAF9C}.Release|Mixed Platforms.ActiveCfg = Release|x86
		{40665889-25A2-416A-8888-5400617BAF9C}.Release|Mixed Platforms.Build.0 = Release|x86
		{40665889-25A2-416A-8888-5400617BAF9C}.Release|Mixed Platforms.Deploy.0 = Release|x86
		{40665889-25A2-416A-8888-5400617BAF9C}.Release|x86.ActiveCfg = Release|x86
		{40665889-25A2-416A-8888-5400617BAF9C}.Release|x86.Build.0 = Release|x86
		{40665889-25A2-416A-8888-5400617BAF9C}.Release|x86.Deploy.0 = Release|x86
	EndGlobalSection
	GlobalSection(SolutionProperties) = preSolution
		HideSolutionNode = FALSE
	EndGlobalSection
	GlobalSection(NestedProjects) = preSolution
		{388F088C-90F5-46E7-B7D1-422E0F577513} = {A29F66C0-7E32-4317-B7F4-488BEC3BCDBC}
		{36A4328A-BF39-4080-8D22-00971679532B} = {A29F66C0-7E32-4317-B7F4-488BEC3BCDBC}
		{B7B41254-99CC-439C-B40B-6C0CD4978ADF} = {A29F66C0-7E32-4317-B7F4-488BEC3BCDBC}
		{472DE269-D2BB-45E3-B428-1F6CF99BD843} = {A29F66C0-7E32-4317-B7F4-488BEC3BCDBC}
		{F5933282-3D10-4B62-8CA7-5BE3F4BA1DAD} = {A29F66C0-7E32-4317-B7F4-488BEC3BCDBC}
		{F3631739-EBF6-49F7-8B54-D43036FAC528} = {A29F66C0-7E32-4317-B7F4-488BEC3BCDBC}
		{9CAF7700-6FBA-41D0-9C55-EFDACFA2E073} = {15E7A4F1-3700-4903-BB7D-CD65608956E0}
		{3446AC30-FE40-4630-858E-03F3D08356D3} = {C1F87FD1-058F-4DD1-B6AD-1D8D1DCE0BD4}
		{C1CD2C2A-C6A0-4531-8513-938FC474FF1A} = {C1F87FD1-058F-4DD1-B6AD-1D8D1DCE0BD4}
		{A591CF4A-F004-4D92-ADE8-8937FF290B63} = {C1F87FD1-058F-4DD1-B6AD-1D8D1DCE0BD4}
		{D05D3164-6161-4773-A447-397373DD1A19} = {C1F87FD1-058F-4DD1-B6AD-1D8D1DCE0BD4}
		{0E172F08-095F-4BD6-BEA0-79A70DDB095C} = {C1F87FD1-058F-4DD1-B6AD-1D8D1DCE0BD4}
		{CFC68387-43FD-4EAD-9F24-B99CC4941D4E} = {C1F87FD1-058F-4DD1-B6AD-1D8D1DCE0BD4}
		{B715A80F-F971-4AF5-B884-9C3BD2EA7BD8} = {C1F87FD1-058F-4DD1-B6AD-1D8D1DCE0BD4}
		{E8D4C1B0-F3BF-4497-9CE7-922E90B1CF5B} = {1B741FFC-1D1F-4C08-846E-0F69FFBEF492}
		{540C8649-4EA0-4188-B97D-B2F626824901} = {1B741FFC-1D1F-4C08-846E-0F69FFBEF492}
		{DCED2DA2-E615-41DA-BF80-3339D94473CE} = {1B741FFC-1D1F-4C08-846E-0F69FFBEF492}
		{34F5B0DE-5584-48BE-AAAE-0D041F6267F4} = {1B741FFC-1D1F-4C08-846E-0F69FFBEF492}
		{497A2BC7-E94A-44FA-925B-EFE69457C5B1} = {1B741FFC-1D1F-4C08-846E-0F69FFBEF492}
		{7E179C90-40E2-4C2B-BF8A-0AF95FB69631} = {D2E814AD-9733-41B0-B392-DF8559627441}
		{E332015C-24B5-48FA-9ED4-12F5310FCE7C} = {7E179C90-40E2-4C2B-BF8A-0AF95FB69631}
		{EB64D71D-6ED3-4BC2-8A9D-E630CD84C804} = {D2E814AD-9733-41B0-B392-DF8559627441}
		{E7D70C50-D915-476F-9B4B-147EF0E7F5C2} = {EB64D71D-6ED3-4BC2-8A9D-E630CD84C804}
		{768FAEF5-0558-49E1-B2FA-A5C98C97FAC6} = {D2E814AD-9733-41B0-B392-DF8559627441}
		{D06A9965-32DF-44CA-80A0-0B6E42A8A22B} = {768FAEF5-0558-49E1-B2FA-A5C98C97FAC6}
		{DB89763E-B984-4D46-A08C-3469EA0653D8} = {F3FE5CEB-3D88-4F73-8240-51A924AC789C}
		{E4E60713-D7ED-49BC-A2F5-7488817B25DC} = {D4E301FE-9C89-49F5-96DC-0838F70F0F8F}
		{A9A93F56-ED7A-4F65-B50F-7D6148432F68} = {555642C1-841A-4854-84B5-47DCC8FEF522}
		{388529FC-670B-4AFB-89C7-1E47543A3B5A} = {555642C1-841A-4854-84B5-47DCC8FEF522}
		{35F4E3D7-61C1-44C3-93A7-536E1C64255A} = {555642C1-841A-4854-84B5-47DCC8FEF522}
		{40665889-25A2-416A-8888-5400617BAF9C} = {555642C1-841A-4854-84B5-47DCC8FEF522}
	EndGlobalSection
EndGlobal
