
Microsoft Visual Studio Solution File, Format Version 12.00
# Visual Studio 2013
VisualStudioVersion = 12.0.30501.0
MinimumVisualStudioVersion = 10.0.40219.1
Project("{2150E333-8FDC-42A3-9474-1A3956D46DE8}") = "Blog.Logic", "Blog.Logic", "{A29F66C0-7E32-4317-B7F4-488BEC3BCDBC}"
EndProject
Project("{2150E333-8FDC-42A3-9474-1A3956D46DE8}") = "Blog.DataAccess", "Blog.DataAccess", "{15E7A4F1-3700-4903-BB7D-CD65608956E0}"
EndProject
Project("{2150E333-8FDC-42A3-9474-1A3956D46DE8}") = "Blog.Common", "Blog.Common", "{C1F87FD1-058F-4DD1-B6AD-1D8D1DCE0BD4}"
EndProject
Project("{2150E333-8FDC-42A3-9474-1A3956D46DE8}") = "Blog.Web.Api", "Blog.Web.Api", "{7E179C90-40E2-4C2B-BF8A-0AF95FB69631}"
EndProject
Project("{2150E333-8FDC-42A3-9474-1A3956D46DE8}") = "Blog.Services", "Blog.Services", "{1B741FFC-1D1F-4C08-846E-0F69FFBEF492}"
EndProject
Project("{FAE04EC0-301F-11D3-BF4B-00C04F79EFBC}") = "Blog.Common.Utils", "Blog.Common\Blog.Common.Utils\Blog.Common.Utils.csproj", "{3446AC30-FE40-4630-858E-03F3D08356D3}"
EndProject
Project("{FAE04EC0-301F-11D3-BF4B-00C04F79EFBC}") = "Blog.DataAccess.Database", "Blog.DataAccess\Blog.DataAccess.Database\Blog.DataAccess.Database.csproj", "{9CAF7700-6FBA-41D0-9C55-EFDACFA2E073}"
EndProject
Project("{FAE04EC0-301F-11D3-BF4B-00C04F79EFBC}") = "Blog.Logic.Core", "Blog.Logic\Blog.Logic.Core\Blog.Logic.Core.csproj", "{388F088C-90F5-46E7-B7D1-422E0F577513}"
EndProject
Project("{FAE04EC0-301F-11D3-BF4B-00C04F79EFBC}") = "Blog.Services.Implementation", "Blog.Services\Blog.Services.Implementation\Blog.Services.Implementation.csproj", "{E8D4C1B0-F3BF-4497-9CE7-922E90B1CF5B}"
EndProject
Project("{2150E333-8FDC-42A3-9474-1A3956D46DE8}") = "Blog.Web", "Blog.Web", "{D2E814AD-9733-41B0-B392-DF8559627441}"
EndProject
Project("{2150E333-8FDC-42A3-9474-1A3956D46DE8}") = "Blog.Web.Site", "Blog.Web.Site", "{EB64D71D-6ED3-4BC2-8A9D-E630CD84C804}"
EndProject
Project("{2150E333-8FDC-42A3-9474-1A3956D46DE8}") = ".nuget", ".nuget", "{D3C5C2E3-6DAE-4DBD-AB7A-55483B16ACF6}"
	ProjectSection(SolutionItems) = preProject
		.nuget\NuGet.Config = .nuget\NuGet.Config
		.nuget\NuGet.exe = .nuget\NuGet.exe
		.nuget\NuGet.targets = .nuget\NuGet.targets
	EndProjectSection
EndProject
Project("{FAE04EC0-301F-11D3-BF4B-00C04F79EFBC}") = "Blog.Web.Api", "Blog.Web\Blog.Web.Api\Blog.Web.Api.csproj", "{E332015C-24B5-48FA-9ED4-12F5310FCE7C}"
EndProject
Project("{FAE04EC0-301F-11D3-BF4B-00C04F79EFBC}") = "Blog.Web.Site", "Blog.Web\Blog.Web.Site\Blog.Web.Site.csproj", "{E7D70C50-D915-476F-9B4B-147EF0E7F5C2}"
EndProject
Project("{FAE04EC0-301F-11D3-BF4B-00C04F79EFBC}") = "Blog.Common.Contracts", "Blog.Common\Blog.Common.Contracts\Blog.Common.Contracts.csproj", "{C1CD2C2A-C6A0-4531-8513-938FC474FF1A}"
EndProject
Project("{FAE04EC0-301F-11D3-BF4B-00C04F79EFBC}") = "Blog.DataAccess.Seed", "Blog.DataAccess\Blog.DataAccess.Seed\Blog.DataAccess.Seed.csproj", "{043F2216-C8BD-4D5A-90C4-7CCFC57586F2}"
EndProject
Project("{FAE04EC0-301F-11D3-BF4B-00C04F79EFBC}") = "Blog.Common.Web", "Blog.Common\Blog.Common.Web\Blog.Common.Web.csproj", "{A591CF4A-F004-4D92-ADE8-8937FF290B63}"
EndProject
Project("{FAE04EC0-301F-11D3-BF4B-00C04F79EFBC}") = "Blog.Services.SessionCleaner", "Blog.Services\Blog.Services.SessionCleaner\Blog.Services.SessionCleaner.csproj", "{2C0674C4-1249-462A-8CD6-09C100B2DBA0}"
EndProject
Project("{FAE04EC0-301F-11D3-BF4B-00C04F79EFBC}") = "Blog.Logic.Core.Tests", "Blog.Logic\Blog.Logic.Core.Tests\Blog.Logic.Core.Tests.csproj", "{36A4328A-BF39-4080-8D22-00971679532B}"
EndProject
Project("{FAE04EC0-301F-11D3-BF4B-00C04F79EFBC}") = "Blog.Logic.ObjectMapper", "Blog.Logic\Blog.Logic.ObjectMapper\Blog.Logic.ObjectMapper.csproj", "{B7B41254-99CC-439C-B40B-6C0CD4978ADF}"
EndProject
Project("{FAE04EC0-301F-11D3-BF4B-00C04F79EFBC}") = "Blog.Common.Web.Tests", "Blog.Common\Blog.Common.Web.Tests\Blog.Common.Web.Tests.csproj", "{D05D3164-6161-4773-A447-397373DD1A19}"
EndProject
Project("{FAE04EC0-301F-11D3-BF4B-00C04F79EFBC}") = "Blog.Common.Utils.Tests", "Blog.Common\Blog.Common.Utils.Tests\Blog.Common.Utils.Tests.csproj", "{0E172F08-095F-4BD6-BEA0-79A70DDB095C}"
EndProject
Project("{2150E333-8FDC-42A3-9474-1A3956D46DE8}") = "Solution Items", "Solution Items", "{57EEC164-D018-4634-8394-37C848028310}"
	ProjectSection(SolutionItems) = preProject
		Blog.Tests.runsettings = Blog.Tests.runsettings
	EndProjectSection
EndProject
Project("{FAE04EC0-301F-11D3-BF4B-00C04F79EFBC}") = "Blog.Common.Contracts.Tests", "Blog.Common\Blog.Common.Contracts.Tests\Blog.Common.Contracts.Tests.csproj", "{CFC68387-43FD-4EAD-9F24-B99CC4941D4E}"
EndProject
Project("{FAE04EC0-301F-11D3-BF4B-00C04F79EFBC}") = "Blog.Logic.ObjectMapper.Tests", "Blog.Logic\Blog.Logic.ObjectMapper.Tests\Blog.Logic.ObjectMapper.Tests.csproj", "{472DE269-D2BB-45E3-B428-1F6CF99BD843}"
EndProject
Project("{FAE04EC0-301F-11D3-BF4B-00C04F79EFBC}") = "Blog.Logic.Caching", "Blog.Logic\Blog.Logic.Caching\Blog.Logic.Caching.csproj", "{F5933282-3D10-4B62-8CA7-5BE3F4BA1DAD}"
EndProject
Project("{FAE04EC0-301F-11D3-BF4B-00C04F79EFBC}") = "Blog.Logic.Caching.Tests", "Blog.Logic\Blog.Logic.Caching.Tests\Blog.Logic.Caching.Tests.csproj", "{F3631739-EBF6-49F7-8B54-D43036FAC528}"
EndProject
Project("{FAE04EC0-301F-11D3-BF4B-00C04F79EFBC}") = "Blog.Services.Web", "Blog.Services\Blog.Services.Web\Blog.Services.Web.csproj", "{540C8649-4EA0-4188-B97D-B2F626824901}"
EndProject
Project("{FAE04EC0-301F-11D3-BF4B-00C04F79EFBC}") = "Blog.Services.Helpers", "Blog.Services\Blog.Services.Helpers\Blog.Services.Helpers.csproj", "{DCED2DA2-E615-41DA-BF80-3339D94473CE}"
EndProject
Project("{FAE04EC0-301F-11D3-BF4B-00C04F79EFBC}") = "Blog.Common.Identity", "Blog.Common\Blog.Common.Identity\Blog.Common.Identity.csproj", "{B715A80F-F971-4AF5-B884-9C3BD2EA7BD8}"
EndProject
Global
	GlobalSection(SolutionConfigurationPlatforms) = preSolution
		Debug|Any CPU = Debug|Any CPU
		Home|Any CPU = Home|Any CPU
		Release|Any CPU = Release|Any CPU
		Remote|Any CPU = Remote|Any CPU
	EndGlobalSection
	GlobalSection(ProjectConfigurationPlatforms) = postSolution
		{3446AC30-FE40-4630-858E-03F3D08356D3}.Debug|Any CPU.ActiveCfg = Remote|Any CPU
		{3446AC30-FE40-4630-858E-03F3D08356D3}.Debug|Any CPU.Build.0 = Remote|Any CPU
		{3446AC30-FE40-4630-858E-03F3D08356D3}.Home|Any CPU.ActiveCfg = Home|Any CPU
		{3446AC30-FE40-4630-858E-03F3D08356D3}.Home|Any CPU.Build.0 = Home|Any CPU
		{3446AC30-FE40-4630-858E-03F3D08356D3}.Release|Any CPU.ActiveCfg = Release|Any CPU
		{3446AC30-FE40-4630-858E-03F3D08356D3}.Release|Any CPU.Build.0 = Release|Any CPU
		{3446AC30-FE40-4630-858E-03F3D08356D3}.Remote|Any CPU.ActiveCfg = Remote|Any CPU
		{3446AC30-FE40-4630-858E-03F3D08356D3}.Remote|Any CPU.Build.0 = Remote|Any CPU
		{9CAF7700-6FBA-41D0-9C55-EFDACFA2E073}.Debug|Any CPU.ActiveCfg = Remote|Any CPU
		{9CAF7700-6FBA-41D0-9C55-EFDACFA2E073}.Debug|Any CPU.Build.0 = Remote|Any CPU
		{9CAF7700-6FBA-41D0-9C55-EFDACFA2E073}.Home|Any CPU.ActiveCfg = Home|Any CPU
		{9CAF7700-6FBA-41D0-9C55-EFDACFA2E073}.Home|Any CPU.Build.0 = Home|Any CPU
		{9CAF7700-6FBA-41D0-9C55-EFDACFA2E073}.Release|Any CPU.ActiveCfg = Release|Any CPU
		{9CAF7700-6FBA-41D0-9C55-EFDACFA2E073}.Release|Any CPU.Build.0 = Release|Any CPU
		{9CAF7700-6FBA-41D0-9C55-EFDACFA2E073}.Remote|Any CPU.ActiveCfg = Remote|Any CPU
		{9CAF7700-6FBA-41D0-9C55-EFDACFA2E073}.Remote|Any CPU.Build.0 = Remote|Any CPU
		{388F088C-90F5-46E7-B7D1-422E0F577513}.Debug|Any CPU.ActiveCfg = Remote|Any CPU
		{388F088C-90F5-46E7-B7D1-422E0F577513}.Debug|Any CPU.Build.0 = Remote|Any CPU
		{388F088C-90F5-46E7-B7D1-422E0F577513}.Home|Any CPU.ActiveCfg = Home|Any CPU
		{388F088C-90F5-46E7-B7D1-422E0F577513}.Home|Any CPU.Build.0 = Home|Any CPU
		{388F088C-90F5-46E7-B7D1-422E0F577513}.Release|Any CPU.ActiveCfg = Release|Any CPU
		{388F088C-90F5-46E7-B7D1-422E0F577513}.Release|Any CPU.Build.0 = Release|Any CPU
		{388F088C-90F5-46E7-B7D1-422E0F577513}.Remote|Any CPU.ActiveCfg = Remote|Any CPU
		{388F088C-90F5-46E7-B7D1-422E0F577513}.Remote|Any CPU.Build.0 = Remote|Any CPU
		{E8D4C1B0-F3BF-4497-9CE7-922E90B1CF5B}.Debug|Any CPU.ActiveCfg = Remote|Any CPU
		{E8D4C1B0-F3BF-4497-9CE7-922E90B1CF5B}.Debug|Any CPU.Build.0 = Remote|Any CPU
		{E8D4C1B0-F3BF-4497-9CE7-922E90B1CF5B}.Home|Any CPU.ActiveCfg = Home|Any CPU
		{E8D4C1B0-F3BF-4497-9CE7-922E90B1CF5B}.Home|Any CPU.Build.0 = Home|Any CPU
		{E8D4C1B0-F3BF-4497-9CE7-922E90B1CF5B}.Release|Any CPU.ActiveCfg = Release|Any CPU
		{E8D4C1B0-F3BF-4497-9CE7-922E90B1CF5B}.Release|Any CPU.Build.0 = Release|Any CPU
		{E8D4C1B0-F3BF-4497-9CE7-922E90B1CF5B}.Remote|Any CPU.ActiveCfg = Remote|Any CPU
		{E8D4C1B0-F3BF-4497-9CE7-922E90B1CF5B}.Remote|Any CPU.Build.0 = Remote|Any CPU
		{E332015C-24B5-48FA-9ED4-12F5310FCE7C}.Debug|Any CPU.ActiveCfg = Remote|Any CPU
		{E332015C-24B5-48FA-9ED4-12F5310FCE7C}.Debug|Any CPU.Build.0 = Remote|Any CPU
		{E332015C-24B5-48FA-9ED4-12F5310FCE7C}.Home|Any CPU.ActiveCfg = Home|Any CPU
		{E332015C-24B5-48FA-9ED4-12F5310FCE7C}.Home|Any CPU.Build.0 = Home|Any CPU
		{E332015C-24B5-48FA-9ED4-12F5310FCE7C}.Release|Any CPU.ActiveCfg = Release|Any CPU
		{E332015C-24B5-48FA-9ED4-12F5310FCE7C}.Release|Any CPU.Build.0 = Release|Any CPU
		{E332015C-24B5-48FA-9ED4-12F5310FCE7C}.Remote|Any CPU.ActiveCfg = Remote|Any CPU
		{E332015C-24B5-48FA-9ED4-12F5310FCE7C}.Remote|Any CPU.Build.0 = Remote|Any CPU
		{E7D70C50-D915-476F-9B4B-147EF0E7F5C2}.Debug|Any CPU.ActiveCfg = Remote|Any CPU
		{E7D70C50-D915-476F-9B4B-147EF0E7F5C2}.Debug|Any CPU.Build.0 = Remote|Any CPU
		{E7D70C50-D915-476F-9B4B-147EF0E7F5C2}.Home|Any CPU.ActiveCfg = Home|Any CPU
		{E7D70C50-D915-476F-9B4B-147EF0E7F5C2}.Home|Any CPU.Build.0 = Home|Any CPU
		{E7D70C50-D915-476F-9B4B-147EF0E7F5C2}.Release|Any CPU.ActiveCfg = Release|Any CPU
		{E7D70C50-D915-476F-9B4B-147EF0E7F5C2}.Release|Any CPU.Build.0 = Release|Any CPU
		{E7D70C50-D915-476F-9B4B-147EF0E7F5C2}.Remote|Any CPU.ActiveCfg = Remote|Any CPU
		{E7D70C50-D915-476F-9B4B-147EF0E7F5C2}.Remote|Any CPU.Build.0 = Remote|Any CPU
		{C1CD2C2A-C6A0-4531-8513-938FC474FF1A}.Debug|Any CPU.ActiveCfg = Remote|Any CPU
		{C1CD2C2A-C6A0-4531-8513-938FC474FF1A}.Debug|Any CPU.Build.0 = Remote|Any CPU
		{C1CD2C2A-C6A0-4531-8513-938FC474FF1A}.Home|Any CPU.ActiveCfg = Home|Any CPU
		{C1CD2C2A-C6A0-4531-8513-938FC474FF1A}.Home|Any CPU.Build.0 = Home|Any CPU
		{C1CD2C2A-C6A0-4531-8513-938FC474FF1A}.Release|Any CPU.ActiveCfg = Release|Any CPU
		{C1CD2C2A-C6A0-4531-8513-938FC474FF1A}.Release|Any CPU.Build.0 = Release|Any CPU
		{C1CD2C2A-C6A0-4531-8513-938FC474FF1A}.Remote|Any CPU.ActiveCfg = Remote|Any CPU
		{C1CD2C2A-C6A0-4531-8513-938FC474FF1A}.Remote|Any CPU.Build.0 = Remote|Any CPU
		{043F2216-C8BD-4D5A-90C4-7CCFC57586F2}.Debug|Any CPU.ActiveCfg = Remote|Any CPU
		{043F2216-C8BD-4D5A-90C4-7CCFC57586F2}.Debug|Any CPU.Build.0 = Remote|Any CPU
		{043F2216-C8BD-4D5A-90C4-7CCFC57586F2}.Home|Any CPU.ActiveCfg = Home|Any CPU
		{043F2216-C8BD-4D5A-90C4-7CCFC57586F2}.Home|Any CPU.Build.0 = Home|Any CPU
		{043F2216-C8BD-4D5A-90C4-7CCFC57586F2}.Release|Any CPU.ActiveCfg = Release|Any CPU
		{043F2216-C8BD-4D5A-90C4-7CCFC57586F2}.Release|Any CPU.Build.0 = Release|Any CPU
		{043F2216-C8BD-4D5A-90C4-7CCFC57586F2}.Remote|Any CPU.ActiveCfg = Remote|Any CPU
		{043F2216-C8BD-4D5A-90C4-7CCFC57586F2}.Remote|Any CPU.Build.0 = Remote|Any CPU
		{A591CF4A-F004-4D92-ADE8-8937FF290B63}.Debug|Any CPU.ActiveCfg = Remote|Any CPU
		{A591CF4A-F004-4D92-ADE8-8937FF290B63}.Debug|Any CPU.Build.0 = Remote|Any CPU
		{A591CF4A-F004-4D92-ADE8-8937FF290B63}.Home|Any CPU.ActiveCfg = Home|Any CPU
		{A591CF4A-F004-4D92-ADE8-8937FF290B63}.Home|Any CPU.Build.0 = Home|Any CPU
		{A591CF4A-F004-4D92-ADE8-8937FF290B63}.Release|Any CPU.ActiveCfg = Release|Any CPU
		{A591CF4A-F004-4D92-ADE8-8937FF290B63}.Release|Any CPU.Build.0 = Release|Any CPU
		{A591CF4A-F004-4D92-ADE8-8937FF290B63}.Remote|Any CPU.ActiveCfg = Remote|Any CPU
		{A591CF4A-F004-4D92-ADE8-8937FF290B63}.Remote|Any CPU.Build.0 = Remote|Any CPU
		{2C0674C4-1249-462A-8CD6-09C100B2DBA0}.Debug|Any CPU.ActiveCfg = Remote|Any CPU
		{2C0674C4-1249-462A-8CD6-09C100B2DBA0}.Debug|Any CPU.Build.0 = Remote|Any CPU
		{2C0674C4-1249-462A-8CD6-09C100B2DBA0}.Home|Any CPU.ActiveCfg = Home|Any CPU
		{2C0674C4-1249-462A-8CD6-09C100B2DBA0}.Home|Any CPU.Build.0 = Home|Any CPU
		{2C0674C4-1249-462A-8CD6-09C100B2DBA0}.Release|Any CPU.ActiveCfg = Release|Any CPU
		{2C0674C4-1249-462A-8CD6-09C100B2DBA0}.Release|Any CPU.Build.0 = Release|Any CPU
		{2C0674C4-1249-462A-8CD6-09C100B2DBA0}.Remote|Any CPU.ActiveCfg = Release|Any CPU
		{36A4328A-BF39-4080-8D22-00971679532B}.Debug|Any CPU.ActiveCfg = Remote|Any CPU
		{36A4328A-BF39-4080-8D22-00971679532B}.Debug|Any CPU.Build.0 = Remote|Any CPU
		{36A4328A-BF39-4080-8D22-00971679532B}.Home|Any CPU.ActiveCfg = Home|Any CPU
		{36A4328A-BF39-4080-8D22-00971679532B}.Home|Any CPU.Build.0 = Home|Any CPU
		{36A4328A-BF39-4080-8D22-00971679532B}.Release|Any CPU.ActiveCfg = Release|Any CPU
		{36A4328A-BF39-4080-8D22-00971679532B}.Release|Any CPU.Build.0 = Release|Any CPU
		{36A4328A-BF39-4080-8D22-00971679532B}.Remote|Any CPU.ActiveCfg = Remote|Any CPU
		{36A4328A-BF39-4080-8D22-00971679532B}.Remote|Any CPU.Build.0 = Remote|Any CPU
		{B7B41254-99CC-439C-B40B-6C0CD4978ADF}.Debug|Any CPU.ActiveCfg = Remote|Any CPU
		{B7B41254-99CC-439C-B40B-6C0CD4978ADF}.Debug|Any CPU.Build.0 = Remote|Any CPU
		{B7B41254-99CC-439C-B40B-6C0CD4978ADF}.Home|Any CPU.ActiveCfg = Home|Any CPU
		{B7B41254-99CC-439C-B40B-6C0CD4978ADF}.Home|Any CPU.Build.0 = Home|Any CPU
		{B7B41254-99CC-439C-B40B-6C0CD4978ADF}.Release|Any CPU.ActiveCfg = Release|Any CPU
		{B7B41254-99CC-439C-B40B-6C0CD4978ADF}.Release|Any CPU.Build.0 = Release|Any CPU
		{B7B41254-99CC-439C-B40B-6C0CD4978ADF}.Remote|Any CPU.ActiveCfg = Remote|Any CPU
		{B7B41254-99CC-439C-B40B-6C0CD4978ADF}.Remote|Any CPU.Build.0 = Remote|Any CPU
		{D05D3164-6161-4773-A447-397373DD1A19}.Debug|Any CPU.ActiveCfg = Remote|Any CPU
		{D05D3164-6161-4773-A447-397373DD1A19}.Debug|Any CPU.Build.0 = Remote|Any CPU
		{D05D3164-6161-4773-A447-397373DD1A19}.Home|Any CPU.ActiveCfg = Home|Any CPU
		{D05D3164-6161-4773-A447-397373DD1A19}.Home|Any CPU.Build.0 = Home|Any CPU
		{D05D3164-6161-4773-A447-397373DD1A19}.Release|Any CPU.ActiveCfg = Release|Any CPU
		{D05D3164-6161-4773-A447-397373DD1A19}.Release|Any CPU.Build.0 = Release|Any CPU
		{D05D3164-6161-4773-A447-397373DD1A19}.Remote|Any CPU.ActiveCfg = Remote|Any CPU
		{D05D3164-6161-4773-A447-397373DD1A19}.Remote|Any CPU.Build.0 = Remote|Any CPU
		{0E172F08-095F-4BD6-BEA0-79A70DDB095C}.Debug|Any CPU.ActiveCfg = Remote|Any CPU
		{0E172F08-095F-4BD6-BEA0-79A70DDB095C}.Debug|Any CPU.Build.0 = Remote|Any CPU
		{0E172F08-095F-4BD6-BEA0-79A70DDB095C}.Home|Any CPU.ActiveCfg = Home|Any CPU
		{0E172F08-095F-4BD6-BEA0-79A70DDB095C}.Home|Any CPU.Build.0 = Home|Any CPU
		{0E172F08-095F-4BD6-BEA0-79A70DDB095C}.Release|Any CPU.ActiveCfg = Release|Any CPU
		{0E172F08-095F-4BD6-BEA0-79A70DDB095C}.Release|Any CPU.Build.0 = Release|Any CPU
		{0E172F08-095F-4BD6-BEA0-79A70DDB095C}.Remote|Any CPU.ActiveCfg = Remote|Any CPU
		{0E172F08-095F-4BD6-BEA0-79A70DDB095C}.Remote|Any CPU.Build.0 = Remote|Any CPU
		{CFC68387-43FD-4EAD-9F24-B99CC4941D4E}.Debug|Any CPU.ActiveCfg = Remote|Any CPU
		{CFC68387-43FD-4EAD-9F24-B99CC4941D4E}.Debug|Any CPU.Build.0 = Remote|Any CPU
		{CFC68387-43FD-4EAD-9F24-B99CC4941D4E}.Home|Any CPU.ActiveCfg = Home|Any CPU
		{CFC68387-43FD-4EAD-9F24-B99CC4941D4E}.Home|Any CPU.Build.0 = Home|Any CPU
		{CFC68387-43FD-4EAD-9F24-B99CC4941D4E}.Release|Any CPU.ActiveCfg = Release|Any CPU
		{CFC68387-43FD-4EAD-9F24-B99CC4941D4E}.Release|Any CPU.Build.0 = Release|Any CPU
		{CFC68387-43FD-4EAD-9F24-B99CC4941D4E}.Remote|Any CPU.ActiveCfg = Remote|Any CPU
		{CFC68387-43FD-4EAD-9F24-B99CC4941D4E}.Remote|Any CPU.Build.0 = Remote|Any CPU
		{472DE269-D2BB-45E3-B428-1F6CF99BD843}.Debug|Any CPU.ActiveCfg = Release|Any CPU
		{472DE269-D2BB-45E3-B428-1F6CF99BD843}.Debug|Any CPU.Build.0 = Release|Any CPU
		{472DE269-D2BB-45E3-B428-1F6CF99BD843}.Home|Any CPU.ActiveCfg = Home|Any CPU
		{472DE269-D2BB-45E3-B428-1F6CF99BD843}.Home|Any CPU.Build.0 = Home|Any CPU
		{472DE269-D2BB-45E3-B428-1F6CF99BD843}.Release|Any CPU.ActiveCfg = Release|Any CPU
		{472DE269-D2BB-45E3-B428-1F6CF99BD843}.Release|Any CPU.Build.0 = Release|Any CPU
		{472DE269-D2BB-45E3-B428-1F6CF99BD843}.Remote|Any CPU.ActiveCfg = Release|Any CPU
		{472DE269-D2BB-45E3-B428-1F6CF99BD843}.Remote|Any CPU.Build.0 = Release|Any CPU
		{F5933282-3D10-4B62-8CA7-5BE3F4BA1DAD}.Debug|Any CPU.ActiveCfg = Remote|Any CPU
		{F5933282-3D10-4B62-8CA7-5BE3F4BA1DAD}.Debug|Any CPU.Build.0 = Remote|Any CPU
		{F5933282-3D10-4B62-8CA7-5BE3F4BA1DAD}.Home|Any CPU.ActiveCfg = Home|Any CPU
		{F5933282-3D10-4B62-8CA7-5BE3F4BA1DAD}.Home|Any CPU.Build.0 = Home|Any CPU
		{F5933282-3D10-4B62-8CA7-5BE3F4BA1DAD}.Release|Any CPU.ActiveCfg = Release|Any CPU
		{F5933282-3D10-4B62-8CA7-5BE3F4BA1DAD}.Release|Any CPU.Build.0 = Release|Any CPU
		{F5933282-3D10-4B62-8CA7-5BE3F4BA1DAD}.Remote|Any CPU.ActiveCfg = Remote|Any CPU
		{F5933282-3D10-4B62-8CA7-5BE3F4BA1DAD}.Remote|Any CPU.Build.0 = Remote|Any CPU
		{F3631739-EBF6-49F7-8B54-D43036FAC528}.Debug|Any CPU.ActiveCfg = Remote|Any CPU
		{F3631739-EBF6-49F7-8B54-D43036FAC528}.Debug|Any CPU.Build.0 = Remote|Any CPU
		{F3631739-EBF6-49F7-8B54-D43036FAC528}.Home|Any CPU.ActiveCfg = Home|Any CPU
		{F3631739-EBF6-49F7-8B54-D43036FAC528}.Home|Any CPU.Build.0 = Home|Any CPU
		{F3631739-EBF6-49F7-8B54-D43036FAC528}.Release|Any CPU.ActiveCfg = Release|Any CPU
		{F3631739-EBF6-49F7-8B54-D43036FAC528}.Release|Any CPU.Build.0 = Release|Any CPU
		{F3631739-EBF6-49F7-8B54-D43036FAC528}.Remote|Any CPU.ActiveCfg = Remote|Any CPU
		{F3631739-EBF6-49F7-8B54-D43036FAC528}.Remote|Any CPU.Build.0 = Remote|Any CPU
		{540C8649-4EA0-4188-B97D-B2F626824901}.Debug|Any CPU.ActiveCfg = Remote|Any CPU
		{540C8649-4EA0-4188-B97D-B2F626824901}.Debug|Any CPU.Build.0 = Remote|Any CPU
		{540C8649-4EA0-4188-B97D-B2F626824901}.Home|Any CPU.ActiveCfg = Home|Any CPU
		{540C8649-4EA0-4188-B97D-B2F626824901}.Home|Any CPU.Build.0 = Home|Any CPU
		{540C8649-4EA0-4188-B97D-B2F626824901}.Release|Any CPU.ActiveCfg = Release|Any CPU
		{540C8649-4EA0-4188-B97D-B2F626824901}.Release|Any CPU.Build.0 = Release|Any CPU
		{540C8649-4EA0-4188-B97D-B2F626824901}.Remote|Any CPU.ActiveCfg = Remote|Any CPU
		{540C8649-4EA0-4188-B97D-B2F626824901}.Remote|Any CPU.Build.0 = Remote|Any CPU
		{DCED2DA2-E615-41DA-BF80-3339D94473CE}.Debug|Any CPU.ActiveCfg = Remote|Any CPU
		{DCED2DA2-E615-41DA-BF80-3339D94473CE}.Debug|Any CPU.Build.0 = Remote|Any CPU
		{DCED2DA2-E615-41DA-BF80-3339D94473CE}.Home|Any CPU.ActiveCfg = Home|Any CPU
		{DCED2DA2-E615-41DA-BF80-3339D94473CE}.Home|Any CPU.Build.0 = Home|Any CPU
		{DCED2DA2-E615-41DA-BF80-3339D94473CE}.Release|Any CPU.ActiveCfg = Release|Any CPU
		{DCED2DA2-E615-41DA-BF80-3339D94473CE}.Release|Any CPU.Build.0 = Release|Any CPU
		{DCED2DA2-E615-41DA-BF80-3339D94473CE}.Remote|Any CPU.ActiveCfg = Remote|Any CPU
		{DCED2DA2-E615-41DA-BF80-3339D94473CE}.Remote|Any CPU.Build.0 = Remote|Any CPU
		{B715A80F-F971-4AF5-B884-9C3BD2EA7BD8}.Debug|Any CPU.ActiveCfg = Debug|Any CPU
		{B715A80F-F971-4AF5-B884-9C3BD2EA7BD8}.Debug|Any CPU.Build.0 = Debug|Any CPU
		{B715A80F-F971-4AF5-B884-9C3BD2EA7BD8}.Home|Any CPU.ActiveCfg = Release|Any CPU
		{B715A80F-F971-4AF5-B884-9C3BD2EA7BD8}.Home|Any CPU.Build.0 = Release|Any CPU
		{B715A80F-F971-4AF5-B884-9C3BD2EA7BD8}.Release|Any CPU.ActiveCfg = Release|Any CPU
		{B715A80F-F971-4AF5-B884-9C3BD2EA7BD8}.Release|Any CPU.Build.0 = Release|Any CPU
		{B715A80F-F971-4AF5-B884-9C3BD2EA7BD8}.Remote|Any CPU.ActiveCfg = Release|Any CPU
		{B715A80F-F971-4AF5-B884-9C3BD2EA7BD8}.Remote|Any CPU.Build.0 = Release|Any CPU
	EndGlobalSection
	GlobalSection(SolutionProperties) = preSolution
		HideSolutionNode = FALSE
	EndGlobalSection
	GlobalSection(NestedProjects) = preSolution
		{7E179C90-40E2-4C2B-BF8A-0AF95FB69631} = {D2E814AD-9733-41B0-B392-DF8559627441}
		{3446AC30-FE40-4630-858E-03F3D08356D3} = {C1F87FD1-058F-4DD1-B6AD-1D8D1DCE0BD4}
		{9CAF7700-6FBA-41D0-9C55-EFDACFA2E073} = {15E7A4F1-3700-4903-BB7D-CD65608956E0}
		{388F088C-90F5-46E7-B7D1-422E0F577513} = {A29F66C0-7E32-4317-B7F4-488BEC3BCDBC}
		{E8D4C1B0-F3BF-4497-9CE7-922E90B1CF5B} = {1B741FFC-1D1F-4C08-846E-0F69FFBEF492}
		{EB64D71D-6ED3-4BC2-8A9D-E630CD84C804} = {D2E814AD-9733-41B0-B392-DF8559627441}
		{E332015C-24B5-48FA-9ED4-12F5310FCE7C} = {7E179C90-40E2-4C2B-BF8A-0AF95FB69631}
		{E7D70C50-D915-476F-9B4B-147EF0E7F5C2} = {EB64D71D-6ED3-4BC2-8A9D-E630CD84C804}
		{C1CD2C2A-C6A0-4531-8513-938FC474FF1A} = {C1F87FD1-058F-4DD1-B6AD-1D8D1DCE0BD4}
		{043F2216-C8BD-4D5A-90C4-7CCFC57586F2} = {15E7A4F1-3700-4903-BB7D-CD65608956E0}
		{A591CF4A-F004-4D92-ADE8-8937FF290B63} = {C1F87FD1-058F-4DD1-B6AD-1D8D1DCE0BD4}
		{2C0674C4-1249-462A-8CD6-09C100B2DBA0} = {1B741FFC-1D1F-4C08-846E-0F69FFBEF492}
		{36A4328A-BF39-4080-8D22-00971679532B} = {A29F66C0-7E32-4317-B7F4-488BEC3BCDBC}
		{B7B41254-99CC-439C-B40B-6C0CD4978ADF} = {A29F66C0-7E32-4317-B7F4-488BEC3BCDBC}
		{D05D3164-6161-4773-A447-397373DD1A19} = {C1F87FD1-058F-4DD1-B6AD-1D8D1DCE0BD4}
		{0E172F08-095F-4BD6-BEA0-79A70DDB095C} = {C1F87FD1-058F-4DD1-B6AD-1D8D1DCE0BD4}
		{CFC68387-43FD-4EAD-9F24-B99CC4941D4E} = {C1F87FD1-058F-4DD1-B6AD-1D8D1DCE0BD4}
		{472DE269-D2BB-45E3-B428-1F6CF99BD843} = {A29F66C0-7E32-4317-B7F4-488BEC3BCDBC}
		{F5933282-3D10-4B62-8CA7-5BE3F4BA1DAD} = {A29F66C0-7E32-4317-B7F4-488BEC3BCDBC}
		{F3631739-EBF6-49F7-8B54-D43036FAC528} = {A29F66C0-7E32-4317-B7F4-488BEC3BCDBC}
		{540C8649-4EA0-4188-B97D-B2F626824901} = {1B741FFC-1D1F-4C08-846E-0F69FFBEF492}
		{DCED2DA2-E615-41DA-BF80-3339D94473CE} = {1B741FFC-1D1F-4C08-846E-0F69FFBEF492}
		{B715A80F-F971-4AF5-B884-9C3BD2EA7BD8} = {C1F87FD1-058F-4DD1-B6AD-1D8D1DCE0BD4}
	EndGlobalSection
EndGlobal
